// !$*UTF8*$!
{
	archiveVersion = 1;
	classes = {
	};
	objectVersion = 52;
	objects = {

/* Begin PBXBuildFile section */
		7163C5F324D6C89F000DAE1A /* VercelDeploymentMock.swift in Sources */ = {isa = PBXBuildFile; fileRef = 7163C5F124D6C885000DAE1A /* VercelDeploymentMock.swift */; };
		7163C5F424D6C8A0000DAE1A /* VercelDeploymentMock.swift in Sources */ = {isa = PBXBuildFile; fileRef = 7163C5F124D6C885000DAE1A /* VercelDeploymentMock.swift */; };
		7163C5F624D6C987000DAE1A /* AppDelegate.swift in Sources */ = {isa = PBXBuildFile; fileRef = 7163C5F524D6C987000DAE1A /* AppDelegate.swift */; };
		7163C5FB24D6D2D1000DAE1A /* VisualEffectView.swift in Sources */ = {isa = PBXBuildFile; fileRef = 7163C5FA24D6D2D1000DAE1A /* VisualEffectView.swift */; };
		7163C5FC24D6D45E000DAE1A /* VisualEffectView.swift in Sources */ = {isa = PBXBuildFile; fileRef = 7163C5FA24D6D2D1000DAE1A /* VisualEffectView.swift */; };
		7163C5FD24D6D45E000DAE1A /* VisualEffectView.swift in Sources */ = {isa = PBXBuildFile; fileRef = 7163C5FA24D6D2D1000DAE1A /* VisualEffectView.swift */; };
		7163C5FE24D6D45F000DAE1A /* VisualEffectView.swift in Sources */ = {isa = PBXBuildFile; fileRef = 7163C5FA24D6D2D1000DAE1A /* VisualEffectView.swift */; };
		7163C60224D6E3F5000DAE1A /* Zeitgeist.swift in Sources */ = {isa = PBXBuildFile; fileRef = 716911CD24A7A9BF0023339D /* Zeitgeist.swift */; };
		7163C60724D6EF58000DAE1A /* Preferences in Frameworks */ = {isa = PBXBuildFile; productRef = 7163C60624D6EF58000DAE1A /* Preferences */; };
		7163C60C24D6F04A000DAE1A /* Preferences.swift in Sources */ = {isa = PBXBuildFile; fileRef = 7163C60B24D6F04A000DAE1A /* Preferences.swift */; };
		7163C60E24D70B63000DAE1A /* TipJarView.swift in Sources */ = {isa = PBXBuildFile; fileRef = 7163C60D24D70B63000DAE1A /* TipJarView.swift */; };
		7163C61124D711FE000DAE1A /* Purchases in Frameworks */ = {isa = PBXBuildFile; productRef = 7163C61024D711FE000DAE1A /* Purchases */; };
		7163C61324D71213000DAE1A /* PurchaseManager.swift in Sources */ = {isa = PBXBuildFile; fileRef = 7163C61224D71213000DAE1A /* PurchaseManager.swift */; };
		7163C61524D7159D000DAE1A /* PurchaseView.swift in Sources */ = {isa = PBXBuildFile; fileRef = 7163C61424D7159D000DAE1A /* PurchaseView.swift */; };
		716911EB24A7E2C00023339D /* Tests_iOS.swift in Sources */ = {isa = PBXBuildFile; fileRef = 716911EA24A7E2C00023339D /* Tests_iOS.swift */; };
		716911F624A7E2C00023339D /* Tests_macOS.swift in Sources */ = {isa = PBXBuildFile; fileRef = 716911F524A7E2C00023339D /* Tests_macOS.swift */; };
		716911FC24A7E2C00023339D /* Assets.xcassets in Resources */ = {isa = PBXBuildFile; fileRef = 716911D224A7E2C00023339D /* Assets.xcassets */; };
		716911FD24A7E2C00023339D /* Assets.xcassets in Resources */ = {isa = PBXBuildFile; fileRef = 716911D224A7E2C00023339D /* Assets.xcassets */; };
		7169120A24A7E30C0023339D /* Zeitgeist.swift in Sources */ = {isa = PBXBuildFile; fileRef = 716911CD24A7A9BF0023339D /* Zeitgeist.swift */; };
		7169120C24A7E31B0023339D /* ContentView.swift in Sources */ = {isa = PBXBuildFile; fileRef = 715E06DC241BDE8C00A4DA0F /* ContentView.swift */; };
		7169120D24A7E31B0023339D /* ContentView.swift in Sources */ = {isa = PBXBuildFile; fileRef = 715E06DC241BDE8C00A4DA0F /* ContentView.swift */; };
		7169120E24A7E3300023339D /* SettingsView.swift in Sources */ = {isa = PBXBuildFile; fileRef = 71103CA0247EEE920043D11B /* SettingsView.swift */; };
		7169120F24A7E3300023339D /* DeploymentsListRowView.swift in Sources */ = {isa = PBXBuildFile; fileRef = 71CED254241CD41500B9A7ED /* DeploymentsListRowView.swift */; };
		7169121124A7E3300023339D /* DeploymentsListView.swift in Sources */ = {isa = PBXBuildFile; fileRef = 7141D4E0241BF36300D212F0 /* DeploymentsListView.swift */; };
		7169121324A7E3300023339D /* SettingsView.swift in Sources */ = {isa = PBXBuildFile; fileRef = 71103CA0247EEE920043D11B /* SettingsView.swift */; };
		7169121424A7E3300023339D /* DeploymentsListRowView.swift in Sources */ = {isa = PBXBuildFile; fileRef = 71CED254241CD41500B9A7ED /* DeploymentsListRowView.swift */; };
		7169121624A7E3300023339D /* DeploymentsListView.swift in Sources */ = {isa = PBXBuildFile; fileRef = 7141D4E0241BF36300D212F0 /* DeploymentsListView.swift */; };
		7169121724A7E3300023339D /* UpdaterView.swift in Sources */ = {isa = PBXBuildFile; fileRef = 71103C98247D76DF0043D11B /* UpdaterView.swift */; };
		7169121824A7E3620023339D /* UserDefaultsManager.swift in Sources */ = {isa = PBXBuildFile; fileRef = 71CED25A241D375C00B9A7ED /* UserDefaultsManager.swift */; };
		7169121924A7E3620023339D /* UserDefaultsManager.swift in Sources */ = {isa = PBXBuildFile; fileRef = 71CED25A241D375C00B9A7ED /* UserDefaultsManager.swift */; };
		7169121A24A7E36F0023339D /* GitHubRelease.swift in Sources */ = {isa = PBXBuildFile; fileRef = 71103C9A247E7D520043D11B /* GitHubRelease.swift */; };
		7169121B24A7E36F0023339D /* VercelTypes.swift in Sources */ = {isa = PBXBuildFile; fileRef = 71103C9E247E9C4C0043D11B /* VercelTypes.swift */; };
		7169121C24A7E36F0023339D /* VercelAPI.swift in Sources */ = {isa = PBXBuildFile; fileRef = 716911CB24A7A8230023339D /* VercelAPI.swift */; };
		7169121D24A7E36F0023339D /* GitHubRelease.swift in Sources */ = {isa = PBXBuildFile; fileRef = 71103C9A247E7D520043D11B /* GitHubRelease.swift */; };
		7169121E24A7E36F0023339D /* VercelTypes.swift in Sources */ = {isa = PBXBuildFile; fileRef = 71103C9E247E9C4C0043D11B /* VercelTypes.swift */; };
		7169121F24A7E36F0023339D /* VercelAPI.swift in Sources */ = {isa = PBXBuildFile; fileRef = 716911CB24A7A8230023339D /* VercelAPI.swift */; };
		7169122824A7E5D70023339D /* KeychainAccess in Frameworks */ = {isa = PBXBuildFile; productRef = 7169122724A7E5D70023339D /* KeychainAccess */; };
		7169122B24A7E6120023339D /* Version in Frameworks */ = {isa = PBXBuildFile; productRef = 7169122A24A7E6120023339D /* Version */; };
		7169122C24A7E6D60023339D /* Localizable.strings in Resources */ = {isa = PBXBuildFile; fileRef = 71D5EC3D241EE13D0076BCA3 /* Localizable.strings */; };
		7169122D24A7E6D70023339D /* Localizable.strings in Resources */ = {isa = PBXBuildFile; fileRef = 71D5EC3D241EE13D0076BCA3 /* Localizable.strings */; };
		7169123024A7E7160023339D /* Reachability in Frameworks */ = {isa = PBXBuildFile; productRef = 7169122F24A7E7160023339D /* Reachability */; };
		7169123224A7E7190023339D /* KeychainAccess in Frameworks */ = {isa = PBXBuildFile; productRef = 7169123124A7E7190023339D /* KeychainAccess */; };
		7169123424A7E71C0023339D /* Version in Frameworks */ = {isa = PBXBuildFile; productRef = 7169123324A7E71C0023339D /* Version */; };
		71C6790724D5B16E0058F334 /* LoginView.swift in Sources */ = {isa = PBXBuildFile; fileRef = 71C6790524D5B14B0058F334 /* LoginView.swift */; };
		71C6790824D5B16F0058F334 /* LoginView.swift in Sources */ = {isa = PBXBuildFile; fileRef = 71C6790524D5B14B0058F334 /* LoginView.swift */; };
		71C6790A24D5B18C0058F334 /* ZeitgeistLogo.swift in Sources */ = {isa = PBXBuildFile; fileRef = 71C6790924D5B18C0058F334 /* ZeitgeistLogo.swift */; };
		71C6790B24D5B18C0058F334 /* ZeitgeistLogo.swift in Sources */ = {isa = PBXBuildFile; fileRef = 71C6790924D5B18C0058F334 /* ZeitgeistLogo.swift */; };
		71C6790D24D5B2510058F334 /* EmptyDeploymentView.swift in Sources */ = {isa = PBXBuildFile; fileRef = 71C6790C24D5B2510058F334 /* EmptyDeploymentView.swift */; };
		71C6790E24D5B2510058F334 /* EmptyDeploymentView.swift in Sources */ = {isa = PBXBuildFile; fileRef = 71C6790C24D5B2510058F334 /* EmptyDeploymentView.swift */; };
		71C6791024D5B2860058F334 /* DeploymentStateIndicator.swift in Sources */ = {isa = PBXBuildFile; fileRef = 71C6790F24D5B2860058F334 /* DeploymentStateIndicator.swift */; };
		71C6791124D5B2860058F334 /* DeploymentStateIndicator.swift in Sources */ = {isa = PBXBuildFile; fileRef = 71C6790F24D5B2860058F334 /* DeploymentStateIndicator.swift */; };
		71C6791324D5B3330058F334 /* DeploymentStateIndicator.swift in Sources */ = {isa = PBXBuildFile; fileRef = 71C6790F24D5B2860058F334 /* DeploymentStateIndicator.swift */; };
		71DC1A9C24D5CD760095EF43 /* WidgetKit.framework in Frameworks */ = {isa = PBXBuildFile; fileRef = 71DC1A7024D5CA0C0095EF43 /* WidgetKit.framework */; };
		71DC1A9D24D5CD760095EF43 /* SwiftUI.framework in Frameworks */ = {isa = PBXBuildFile; fileRef = 71DC1A7224D5CA0C0095EF43 /* SwiftUI.framework */; };
		71DC1AA024D5CD760095EF43 /* DeploymentsWidget.swift in Sources */ = {isa = PBXBuildFile; fileRef = 71DC1A9F24D5CD760095EF43 /* DeploymentsWidget.swift */; };
		71DC1AA224D5CD780095EF43 /* Assets.xcassets in Resources */ = {isa = PBXBuildFile; fileRef = 71DC1AA124D5CD780095EF43 /* Assets.xcassets */; };
		71DC1AA624D5CD780095EF43 /* DeploymentsWidgetExtension.appex in Embed App Extensions */ = {isa = PBXBuildFile; fileRef = 71DC1A9B24D5CD760095EF43 /* DeploymentsWidgetExtension.appex */; settings = {ATTRIBUTES = (RemoveHeadersOnCopy, ); }; };
		71DC1AAA24D5CE460095EF43 /* VercelAPI.swift in Sources */ = {isa = PBXBuildFile; fileRef = 716911CB24A7A8230023339D /* VercelAPI.swift */; };
		71DC1AAB24D5CE5A0095EF43 /* VercelTypes.swift in Sources */ = {isa = PBXBuildFile; fileRef = 71103C9E247E9C4C0043D11B /* VercelTypes.swift */; };
		71DC1AAC24D5CE5E0095EF43 /* UserDefaultsManager.swift in Sources */ = {isa = PBXBuildFile; fileRef = 71CED25A241D375C00B9A7ED /* UserDefaultsManager.swift */; };
		71DC1AAE24D5CE980095EF43 /* KeychainAccess in Frameworks */ = {isa = PBXBuildFile; productRef = 71DC1AAD24D5CE980095EF43 /* KeychainAccess */; };
		71DC1AB024D5CED90095EF43 /* WidgetContent.swift in Sources */ = {isa = PBXBuildFile; fileRef = 71DC1AAF24D5CED90095EF43 /* WidgetContent.swift */; };
		71DC1AB124D5CED90095EF43 /* WidgetContent.swift in Sources */ = {isa = PBXBuildFile; fileRef = 71DC1AAF24D5CED90095EF43 /* WidgetContent.swift */; };
		71DC1AB224D5CEDD0095EF43 /* WidgetContent.swift in Sources */ = {isa = PBXBuildFile; fileRef = 71DC1AAF24D5CED90095EF43 /* WidgetContent.swift */; };
		71DC1AB624D5CF4A0095EF43 /* DeploymentView.swift in Sources */ = {isa = PBXBuildFile; fileRef = 71DC1AB324D5CF430095EF43 /* DeploymentView.swift */; };
		71DC1AB724D5D1D50095EF43 /* DeploymentStateIndicator.swift in Sources */ = {isa = PBXBuildFile; fileRef = 71C6790F24D5B2860058F334 /* DeploymentStateIndicator.swift */; };
		71DC1ABB24D5D2EE0095EF43 /* ContentStore.swift in Sources */ = {isa = PBXBuildFile; fileRef = 71DC1ABA24D5D2EE0095EF43 /* ContentStore.swift */; };
		71DC1ABC24D5D2EE0095EF43 /* ContentStore.swift in Sources */ = {isa = PBXBuildFile; fileRef = 71DC1ABA24D5D2EE0095EF43 /* ContentStore.swift */; };
		71DC1ABD24D5D49F0095EF43 /* ContentStore.swift in Sources */ = {isa = PBXBuildFile; fileRef = 71DC1ABA24D5D2EE0095EF43 /* ContentStore.swift */; };
		71DC1AC324D5E1CE0095EF43 /* WidgetKit.framework in Frameworks */ = {isa = PBXBuildFile; fileRef = 71DC1A7024D5CA0C0095EF43 /* WidgetKit.framework */; };
		71DC1AC424D5E1CE0095EF43 /* SwiftUI.framework in Frameworks */ = {isa = PBXBuildFile; fileRef = 71DC1A7224D5CA0C0095EF43 /* SwiftUI.framework */; };
		71DC1AC924D5E1D00095EF43 /* Assets.xcassets in Resources */ = {isa = PBXBuildFile; fileRef = 71DC1AC824D5E1D00095EF43 /* Assets.xcassets */; };
		71DC1ACE24D5E1D00095EF43 /* macOSDeploymentsWidgetExtension.appex in Embed App Extensions */ = {isa = PBXBuildFile; fileRef = 71DC1AC224D5E1CE0095EF43 /* macOSDeploymentsWidgetExtension.appex */; settings = {ATTRIBUTES = (RemoveHeadersOnCopy, ); }; };
		71DC1AD424D5E20B0095EF43 /* WidgetContent.swift in Sources */ = {isa = PBXBuildFile; fileRef = 71DC1AAF24D5CED90095EF43 /* WidgetContent.swift */; };
		71DC1AD524D5E20E0095EF43 /* DeploymentView.swift in Sources */ = {isa = PBXBuildFile; fileRef = 71DC1AB324D5CF430095EF43 /* DeploymentView.swift */; };
		71DC1AD624D5E2190095EF43 /* DeploymentStateIndicator.swift in Sources */ = {isa = PBXBuildFile; fileRef = 71C6790F24D5B2860058F334 /* DeploymentStateIndicator.swift */; };
		71DC1AD724D606C60095EF43 /* VercelAPI.swift in Sources */ = {isa = PBXBuildFile; fileRef = 716911CB24A7A8230023339D /* VercelAPI.swift */; };
		71DC1AD824D606C90095EF43 /* VercelTypes.swift in Sources */ = {isa = PBXBuildFile; fileRef = 71103C9E247E9C4C0043D11B /* VercelTypes.swift */; };
		71DC1AD924D606D90095EF43 /* UserDefaultsManager.swift in Sources */ = {isa = PBXBuildFile; fileRef = 71CED25A241D375C00B9A7ED /* UserDefaultsManager.swift */; };
		71DC1ADA24D606F60095EF43 /* ContentStore.swift in Sources */ = {isa = PBXBuildFile; fileRef = 71DC1ABA24D5D2EE0095EF43 /* ContentStore.swift */; };
		71DC1ADC24D607100095EF43 /* KeychainAccess in Frameworks */ = {isa = PBXBuildFile; productRef = 71DC1ADB24D607100095EF43 /* KeychainAccess */; };
		71DC1ADD24D607D30095EF43 /* DeploymentsWidget.swift in Sources */ = {isa = PBXBuildFile; fileRef = 71DC1A9F24D5CD760095EF43 /* DeploymentsWidget.swift */; };
		71F6571D24DEDD6600C08D01 /* AppDelegate.swift in Sources */ = {isa = PBXBuildFile; fileRef = 71F6571C24DEDD6600C08D01 /* AppDelegate.swift */; };
		71F7D9B124CDD04D00F93B88 /* DeploymentDetailView.swift in Sources */ = {isa = PBXBuildFile; fileRef = 71F7D9B024CDD04D00F93B88 /* DeploymentDetailView.swift */; };
		71F7D9B224CDD04D00F93B88 /* DeploymentDetailView.swift in Sources */ = {isa = PBXBuildFile; fileRef = 71F7D9B024CDD04D00F93B88 /* DeploymentDetailView.swift */; };
/* End PBXBuildFile section */

/* Begin PBXContainerItemProxy section */
		716911E724A7E2C00023339D /* PBXContainerItemProxy */ = {
			isa = PBXContainerItemProxy;
			containerPortal = 715E06CF241BDE8C00A4DA0F /* Project object */;
			proxyType = 1;
			remoteGlobalIDString = 716911D624A7E2C00023339D;
			remoteInfo = iOS;
		};
		716911F224A7E2C00023339D /* PBXContainerItemProxy */ = {
			isa = PBXContainerItemProxy;
			containerPortal = 715E06CF241BDE8C00A4DA0F /* Project object */;
			proxyType = 1;
			remoteGlobalIDString = 716911DD24A7E2C00023339D;
			remoteInfo = macOS;
		};
		71DC1AA424D5CD780095EF43 /* PBXContainerItemProxy */ = {
			isa = PBXContainerItemProxy;
			containerPortal = 715E06CF241BDE8C00A4DA0F /* Project object */;
			proxyType = 1;
			remoteGlobalIDString = 71DC1A9A24D5CD760095EF43;
			remoteInfo = DeploymentsWidgetExtension;
		};
		71DC1ACC24D5E1D00095EF43 /* PBXContainerItemProxy */ = {
			isa = PBXContainerItemProxy;
			containerPortal = 715E06CF241BDE8C00A4DA0F /* Project object */;
			proxyType = 1;
			remoteGlobalIDString = 71DC1AC124D5E1CE0095EF43;
			remoteInfo = macOSDeploymentsWidgetExtension;
		};
/* End PBXContainerItemProxy section */

/* Begin PBXCopyFilesBuildPhase section */
		71DC1A8324D5CA0E0095EF43 /* Embed App Extensions */ = {
			isa = PBXCopyFilesBuildPhase;
			buildActionMask = 2147483647;
			dstPath = "";
			dstSubfolderSpec = 13;
			files = (
				71DC1AA624D5CD780095EF43 /* DeploymentsWidgetExtension.appex in Embed App Extensions */,
			);
			name = "Embed App Extensions";
			runOnlyForDeploymentPostprocessing = 0;
		};
		71DC1AD224D5E1D00095EF43 /* Embed App Extensions */ = {
			isa = PBXCopyFilesBuildPhase;
			buildActionMask = 2147483647;
			dstPath = "";
			dstSubfolderSpec = 13;
			files = (
				71DC1ACE24D5E1D00095EF43 /* macOSDeploymentsWidgetExtension.appex in Embed App Extensions */,
			);
			name = "Embed App Extensions";
			runOnlyForDeploymentPostprocessing = 0;
		};
/* End PBXCopyFilesBuildPhase section */

/* Begin PBXFileReference section */
		71103C98247D76DF0043D11B /* UpdaterView.swift */ = {isa = PBXFileReference; lastKnownFileType = sourcecode.swift; path = UpdaterView.swift; sourceTree = "<group>"; };
		71103C9A247E7D520043D11B /* GitHubRelease.swift */ = {isa = PBXFileReference; lastKnownFileType = sourcecode.swift; path = GitHubRelease.swift; sourceTree = "<group>"; };
		71103C9E247E9C4C0043D11B /* VercelTypes.swift */ = {isa = PBXFileReference; lastKnownFileType = sourcecode.swift; path = VercelTypes.swift; sourceTree = "<group>"; };
		71103CA0247EEE920043D11B /* SettingsView.swift */ = {isa = PBXFileReference; lastKnownFileType = sourcecode.swift; path = SettingsView.swift; sourceTree = "<group>"; };
		7141D4E0241BF36300D212F0 /* DeploymentsListView.swift */ = {isa = PBXFileReference; lastKnownFileType = sourcecode.swift; path = DeploymentsListView.swift; sourceTree = "<group>"; };
		715E06DC241BDE8C00A4DA0F /* ContentView.swift */ = {isa = PBXFileReference; lastKnownFileType = sourcecode.swift; path = ContentView.swift; sourceTree = "<group>"; };
		715E06F0241BDE9100A4DA0F /* ZeitgeistTests.swift */ = {isa = PBXFileReference; lastKnownFileType = sourcecode.swift; path = ZeitgeistTests.swift; sourceTree = "<group>"; };
		715E06F2241BDE9100A4DA0F /* Info.plist */ = {isa = PBXFileReference; lastKnownFileType = text.plist.xml; path = Info.plist; sourceTree = "<group>"; };
		715E06FB241BDE9100A4DA0F /* ZeitgeistUITests.swift */ = {isa = PBXFileReference; lastKnownFileType = sourcecode.swift; path = ZeitgeistUITests.swift; sourceTree = "<group>"; };
		715E06FD241BDE9100A4DA0F /* Info.plist */ = {isa = PBXFileReference; lastKnownFileType = text.plist.xml; path = Info.plist; sourceTree = "<group>"; };
		7163C5F124D6C885000DAE1A /* VercelDeploymentMock.swift */ = {isa = PBXFileReference; lastKnownFileType = sourcecode.swift; path = VercelDeploymentMock.swift; sourceTree = "<group>"; };
		7163C5F524D6C987000DAE1A /* AppDelegate.swift */ = {isa = PBXFileReference; lastKnownFileType = sourcecode.swift; path = AppDelegate.swift; sourceTree = "<group>"; };
		7163C5FA24D6D2D1000DAE1A /* VisualEffectView.swift */ = {isa = PBXFileReference; lastKnownFileType = sourcecode.swift; path = VisualEffectView.swift; sourceTree = "<group>"; };
		7163C60B24D6F04A000DAE1A /* Preferences.swift */ = {isa = PBXFileReference; lastKnownFileType = sourcecode.swift; path = Preferences.swift; sourceTree = "<group>"; };
		7163C60D24D70B63000DAE1A /* TipJarView.swift */ = {isa = PBXFileReference; lastKnownFileType = sourcecode.swift; path = TipJarView.swift; sourceTree = "<group>"; };
		7163C61224D71213000DAE1A /* PurchaseManager.swift */ = {isa = PBXFileReference; lastKnownFileType = sourcecode.swift; path = PurchaseManager.swift; sourceTree = "<group>"; };
		7163C61424D7159D000DAE1A /* PurchaseView.swift */ = {isa = PBXFileReference; lastKnownFileType = sourcecode.swift; path = PurchaseView.swift; sourceTree = "<group>"; };
		716911CB24A7A8230023339D /* VercelAPI.swift */ = {isa = PBXFileReference; lastKnownFileType = sourcecode.swift; path = VercelAPI.swift; sourceTree = "<group>"; };
		716911CD24A7A9BF0023339D /* Zeitgeist.swift */ = {isa = PBXFileReference; lastKnownFileType = sourcecode.swift; path = Zeitgeist.swift; sourceTree = "<group>"; };
		716911D224A7E2C00023339D /* Assets.xcassets */ = {isa = PBXFileReference; lastKnownFileType = folder.assetcatalog; path = Assets.xcassets; sourceTree = "<group>"; };
		716911D724A7E2C00023339D /* Zeitgeist.app */ = {isa = PBXFileReference; explicitFileType = wrapper.application; includeInIndex = 0; path = Zeitgeist.app; sourceTree = BUILT_PRODUCTS_DIR; };
		716911D924A7E2C00023339D /* Info.plist */ = {isa = PBXFileReference; lastKnownFileType = text.plist.xml; path = Info.plist; sourceTree = "<group>"; };
		716911DE24A7E2C00023339D /* Zeitgeist.app */ = {isa = PBXFileReference; explicitFileType = wrapper.application; includeInIndex = 0; path = Zeitgeist.app; sourceTree = BUILT_PRODUCTS_DIR; };
		716911E024A7E2C00023339D /* Info.plist */ = {isa = PBXFileReference; lastKnownFileType = text.plist.xml; path = Info.plist; sourceTree = "<group>"; };
		716911E124A7E2C00023339D /* macOS.entitlements */ = {isa = PBXFileReference; lastKnownFileType = text.plist.entitlements; path = macOS.entitlements; sourceTree = "<group>"; };
		716911E624A7E2C00023339D /* Tests iOS.xctest */ = {isa = PBXFileReference; explicitFileType = wrapper.cfbundle; includeInIndex = 0; path = "Tests iOS.xctest"; sourceTree = BUILT_PRODUCTS_DIR; };
		716911EA24A7E2C00023339D /* Tests_iOS.swift */ = {isa = PBXFileReference; lastKnownFileType = sourcecode.swift; path = Tests_iOS.swift; sourceTree = "<group>"; };
		716911EC24A7E2C00023339D /* Info.plist */ = {isa = PBXFileReference; lastKnownFileType = text.plist.xml; path = Info.plist; sourceTree = "<group>"; };
		716911F124A7E2C00023339D /* Tests macOS.xctest */ = {isa = PBXFileReference; explicitFileType = wrapper.cfbundle; includeInIndex = 0; path = "Tests macOS.xctest"; sourceTree = BUILT_PRODUCTS_DIR; };
		716911F524A7E2C00023339D /* Tests_macOS.swift */ = {isa = PBXFileReference; lastKnownFileType = sourcecode.swift; path = Tests_macOS.swift; sourceTree = "<group>"; };
		716911F724A7E2C00023339D /* Info.plist */ = {isa = PBXFileReference; lastKnownFileType = text.plist.xml; path = Info.plist; sourceTree = "<group>"; };
		71C6790524D5B14B0058F334 /* LoginView.swift */ = {isa = PBXFileReference; lastKnownFileType = sourcecode.swift; path = LoginView.swift; sourceTree = "<group>"; };
		71C6790924D5B18C0058F334 /* ZeitgeistLogo.swift */ = {isa = PBXFileReference; lastKnownFileType = sourcecode.swift; path = ZeitgeistLogo.swift; sourceTree = "<group>"; };
		71C6790C24D5B2510058F334 /* EmptyDeploymentView.swift */ = {isa = PBXFileReference; lastKnownFileType = sourcecode.swift; path = EmptyDeploymentView.swift; sourceTree = "<group>"; };
		71C6790F24D5B2860058F334 /* DeploymentStateIndicator.swift */ = {isa = PBXFileReference; lastKnownFileType = sourcecode.swift; path = DeploymentStateIndicator.swift; sourceTree = "<group>"; };
		71CED254241CD41500B9A7ED /* DeploymentsListRowView.swift */ = {isa = PBXFileReference; lastKnownFileType = sourcecode.swift; path = DeploymentsListRowView.swift; sourceTree = "<group>"; };
		71CED25A241D375C00B9A7ED /* UserDefaultsManager.swift */ = {isa = PBXFileReference; lastKnownFileType = sourcecode.swift; path = UserDefaultsManager.swift; sourceTree = "<group>"; };
		71D5EC3C241EE13D0076BCA3 /* en */ = {isa = PBXFileReference; lastKnownFileType = text.plist.strings; name = en; path = en.lproj/Localizable.strings; sourceTree = "<group>"; };
		71DC1A7024D5CA0C0095EF43 /* WidgetKit.framework */ = {isa = PBXFileReference; lastKnownFileType = wrapper.framework; name = WidgetKit.framework; path = System/Library/Frameworks/WidgetKit.framework; sourceTree = SDKROOT; };
		71DC1A7224D5CA0C0095EF43 /* SwiftUI.framework */ = {isa = PBXFileReference; lastKnownFileType = wrapper.framework; name = SwiftUI.framework; path = System/Library/Frameworks/SwiftUI.framework; sourceTree = SDKROOT; };
		71DC1A9B24D5CD760095EF43 /* DeploymentsWidgetExtension.appex */ = {isa = PBXFileReference; explicitFileType = "wrapper.app-extension"; includeInIndex = 0; path = DeploymentsWidgetExtension.appex; sourceTree = BUILT_PRODUCTS_DIR; };
		71DC1A9F24D5CD760095EF43 /* DeploymentsWidget.swift */ = {isa = PBXFileReference; lastKnownFileType = sourcecode.swift; path = DeploymentsWidget.swift; sourceTree = "<group>"; };
		71DC1AA124D5CD780095EF43 /* Assets.xcassets */ = {isa = PBXFileReference; lastKnownFileType = folder.assetcatalog; path = Assets.xcassets; sourceTree = "<group>"; };
		71DC1AA324D5CD780095EF43 /* Info.plist */ = {isa = PBXFileReference; lastKnownFileType = text.plist.xml; path = Info.plist; sourceTree = "<group>"; };
		71DC1AAF24D5CED90095EF43 /* WidgetContent.swift */ = {isa = PBXFileReference; lastKnownFileType = sourcecode.swift; path = WidgetContent.swift; sourceTree = "<group>"; };
		71DC1AB324D5CF430095EF43 /* DeploymentView.swift */ = {isa = PBXFileReference; lastKnownFileType = sourcecode.swift; path = DeploymentView.swift; sourceTree = "<group>"; };
		71DC1AB824D5D2070095EF43 /* Zeitgeist.entitlements */ = {isa = PBXFileReference; lastKnownFileType = text.plist.entitlements; path = Zeitgeist.entitlements; sourceTree = "<group>"; };
		71DC1AB924D5D2720095EF43 /* DeploymentsWidgetExtension.entitlements */ = {isa = PBXFileReference; lastKnownFileType = text.plist.entitlements; path = DeploymentsWidgetExtension.entitlements; sourceTree = "<group>"; };
		71DC1ABA24D5D2EE0095EF43 /* ContentStore.swift */ = {isa = PBXFileReference; lastKnownFileType = sourcecode.swift; path = ContentStore.swift; sourceTree = "<group>"; };
		71DC1AC224D5E1CE0095EF43 /* macOSDeploymentsWidgetExtension.appex */ = {isa = PBXFileReference; explicitFileType = "wrapper.app-extension"; includeInIndex = 0; path = macOSDeploymentsWidgetExtension.appex; sourceTree = BUILT_PRODUCTS_DIR; };
		71DC1AC824D5E1D00095EF43 /* Assets.xcassets */ = {isa = PBXFileReference; lastKnownFileType = folder.assetcatalog; path = Assets.xcassets; sourceTree = "<group>"; };
		71DC1ACA24D5E1D00095EF43 /* Info.plist */ = {isa = PBXFileReference; lastKnownFileType = text.plist.xml; path = Info.plist; sourceTree = "<group>"; };
		71DC1ACB24D5E1D00095EF43 /* macOSDeploymentsWidget.entitlements */ = {isa = PBXFileReference; lastKnownFileType = text.plist.entitlements; path = macOSDeploymentsWidget.entitlements; sourceTree = "<group>"; };
		71F6571C24DEDD6600C08D01 /* AppDelegate.swift */ = {isa = PBXFileReference; lastKnownFileType = sourcecode.swift; path = AppDelegate.swift; sourceTree = "<group>"; };
		71F7D9B024CDD04D00F93B88 /* DeploymentDetailView.swift */ = {isa = PBXFileReference; lastKnownFileType = sourcecode.swift; path = DeploymentDetailView.swift; sourceTree = "<group>"; };
/* End PBXFileReference section */

/* Begin PBXFrameworksBuildPhase section */
		716911D424A7E2C00023339D /* Frameworks */ = {
			isa = PBXFrameworksBuildPhase;
			buildActionMask = 2147483647;
			files = (
				7169123424A7E71C0023339D /* Version in Frameworks */,
				7169123224A7E7190023339D /* KeychainAccess in Frameworks */,
				7169123024A7E7160023339D /* Reachability in Frameworks */,
				7163C61124D711FE000DAE1A /* Purchases in Frameworks */,
			);
			runOnlyForDeploymentPostprocessing = 0;
		};
		716911DB24A7E2C00023339D /* Frameworks */ = {
			isa = PBXFrameworksBuildPhase;
			buildActionMask = 2147483647;
			files = (
				7169122824A7E5D70023339D /* KeychainAccess in Frameworks */,
				7163C60724D6EF58000DAE1A /* Preferences in Frameworks */,
				7169122B24A7E6120023339D /* Version in Frameworks */,
			);
			runOnlyForDeploymentPostprocessing = 0;
		};
		716911E324A7E2C00023339D /* Frameworks */ = {
			isa = PBXFrameworksBuildPhase;
			buildActionMask = 2147483647;
			files = (
			);
			runOnlyForDeploymentPostprocessing = 0;
		};
		716911EE24A7E2C00023339D /* Frameworks */ = {
			isa = PBXFrameworksBuildPhase;
			buildActionMask = 2147483647;
			files = (
			);
			runOnlyForDeploymentPostprocessing = 0;
		};
		71DC1A9824D5CD760095EF43 /* Frameworks */ = {
			isa = PBXFrameworksBuildPhase;
			buildActionMask = 2147483647;
			files = (
				71DC1A9D24D5CD760095EF43 /* SwiftUI.framework in Frameworks */,
				71DC1A9C24D5CD760095EF43 /* WidgetKit.framework in Frameworks */,
				71DC1AAE24D5CE980095EF43 /* KeychainAccess in Frameworks */,
			);
			runOnlyForDeploymentPostprocessing = 0;
		};
		71DC1ABF24D5E1CE0095EF43 /* Frameworks */ = {
			isa = PBXFrameworksBuildPhase;
			buildActionMask = 2147483647;
			files = (
				71DC1AC424D5E1CE0095EF43 /* SwiftUI.framework in Frameworks */,
				71DC1AC324D5E1CE0095EF43 /* WidgetKit.framework in Frameworks */,
				71DC1ADC24D607100095EF43 /* KeychainAccess in Frameworks */,
			);
			runOnlyForDeploymentPostprocessing = 0;
		};
/* End PBXFrameworksBuildPhase section */

/* Begin PBXGroup section */
		7141D4CD241BE76F00D212F0 /* Networking */ = {
			isa = PBXGroup;
			children = (
				71103C9A247E7D520043D11B /* GitHubRelease.swift */,
				71103C9E247E9C4C0043D11B /* VercelTypes.swift */,
				716911CB24A7A8230023339D /* VercelAPI.swift */,
			);
			path = Networking;
			sourceTree = "<group>";
		};
		715E06CE241BDE8C00A4DA0F = {
			isa = PBXGroup;
			children = (
				71DC1AB924D5D2720095EF43 /* DeploymentsWidgetExtension.entitlements */,
				715E06EF241BDE9100A4DA0F /* ZeitgeistTests */,
				715E06FA241BDE9100A4DA0F /* ZeitgeistUITests */,
				716911CF24A7E2BE0023339D /* Shared */,
				716911D824A7E2C00023339D /* iOS */,
				716911DF24A7E2C00023339D /* macOS */,
				716911E924A7E2C00023339D /* Tests iOS */,
				716911F424A7E2C00023339D /* Tests macOS */,
				71DC1A9E24D5CD760095EF43 /* DeploymentsWidget */,
				71DC1AC524D5E1CE0095EF43 /* macOSDeploymentsWidget */,
				715E06D8241BDE8C00A4DA0F /* Products */,
				7169122E24A7E7160023339D /* Frameworks */,
			);
			sourceTree = "<group>";
		};
		715E06D8241BDE8C00A4DA0F /* Products */ = {
			isa = PBXGroup;
			children = (
				716911D724A7E2C00023339D /* Zeitgeist.app */,
				716911DE24A7E2C00023339D /* Zeitgeist.app */,
				716911E624A7E2C00023339D /* Tests iOS.xctest */,
				716911F124A7E2C00023339D /* Tests macOS.xctest */,
				71DC1A9B24D5CD760095EF43 /* DeploymentsWidgetExtension.appex */,
				71DC1AC224D5E1CE0095EF43 /* macOSDeploymentsWidgetExtension.appex */,
			);
			name = Products;
			sourceTree = "<group>";
		};
		715E06EF241BDE9100A4DA0F /* ZeitgeistTests */ = {
			isa = PBXGroup;
			children = (
				715E06F0241BDE9100A4DA0F /* ZeitgeistTests.swift */,
				715E06F2241BDE9100A4DA0F /* Info.plist */,
			);
			path = ZeitgeistTests;
			sourceTree = "<group>";
		};
		715E06FA241BDE9100A4DA0F /* ZeitgeistUITests */ = {
			isa = PBXGroup;
			children = (
				715E06FB241BDE9100A4DA0F /* ZeitgeistUITests.swift */,
				715E06FD241BDE9100A4DA0F /* Info.plist */,
			);
			path = ZeitgeistUITests;
			sourceTree = "<group>";
		};
		7163C5F024D6C877000DAE1A /* Mocks */ = {
			isa = PBXGroup;
			children = (
				7163C5F124D6C885000DAE1A /* VercelDeploymentMock.swift */,
			);
			path = Mocks;
			sourceTree = "<group>";
		};
		716911CF24A7E2BE0023339D /* Shared */ = {
			isa = PBXGroup;
			children = (
				71F6571E24DEE4B200C08D01 /* Extensions */,
				7163C5F024D6C877000DAE1A /* Mocks */,
				7141D4CD241BE76F00D212F0 /* Networking */,
				716911D224A7E2C00023339D /* Assets.xcassets */,
				716911CD24A7A9BF0023339D /* Zeitgeist.swift */,
				715E06DC241BDE8C00A4DA0F /* ContentView.swift */,
				7141D4E0241BF36300D212F0 /* DeploymentsListView.swift */,
				71CED254241CD41500B9A7ED /* DeploymentsListRowView.swift */,
				71F7D9B024CDD04D00F93B88 /* DeploymentDetailView.swift */,
				71C6790F24D5B2860058F334 /* DeploymentStateIndicator.swift */,
				71C6790C24D5B2510058F334 /* EmptyDeploymentView.swift */,
				71D5EC3D241EE13D0076BCA3 /* Localizable.strings */,
				71C6790524D5B14B0058F334 /* LoginView.swift */,
				71103CA0247EEE920043D11B /* SettingsView.swift */,
				71CED25A241D375C00B9A7ED /* UserDefaultsManager.swift */,
				71C6790924D5B18C0058F334 /* ZeitgeistLogo.swift */,
				71DC1ABA24D5D2EE0095EF43 /* ContentStore.swift */,
				7163C5FA24D6D2D1000DAE1A /* VisualEffectView.swift */,
			);
			path = Shared;
			sourceTree = "<group>";
		};
		716911D824A7E2C00023339D /* iOS */ = {
			isa = PBXGroup;
			children = (
				71DC1AB824D5D2070095EF43 /* Zeitgeist.entitlements */,
				716911D924A7E2C00023339D /* Info.plist */,
				7163C60D24D70B63000DAE1A /* TipJarView.swift */,
				7163C61224D71213000DAE1A /* PurchaseManager.swift */,
				7163C61424D7159D000DAE1A /* PurchaseView.swift */,
				71F6571C24DEDD6600C08D01 /* AppDelegate.swift */,
			);
			path = iOS;
			sourceTree = "<group>";
		};
		716911DF24A7E2C00023339D /* macOS */ = {
			isa = PBXGroup;
			children = (
				7163C5F524D6C987000DAE1A /* AppDelegate.swift */,
				71103C98247D76DF0043D11B /* UpdaterView.swift */,
				716911E024A7E2C00023339D /* Info.plist */,
				716911E124A7E2C00023339D /* macOS.entitlements */,
				7163C60B24D6F04A000DAE1A /* Preferences.swift */,
			);
			path = macOS;
			sourceTree = "<group>";
		};
		716911E924A7E2C00023339D /* Tests iOS */ = {
			isa = PBXGroup;
			children = (
				716911EA24A7E2C00023339D /* Tests_iOS.swift */,
				716911EC24A7E2C00023339D /* Info.plist */,
			);
			path = "Tests iOS";
			sourceTree = "<group>";
		};
		716911F424A7E2C00023339D /* Tests macOS */ = {
			isa = PBXGroup;
			children = (
				716911F524A7E2C00023339D /* Tests_macOS.swift */,
				716911F724A7E2C00023339D /* Info.plist */,
			);
			path = "Tests macOS";
			sourceTree = "<group>";
		};
		7169122E24A7E7160023339D /* Frameworks */ = {
			isa = PBXGroup;
			children = (
				71DC1A7024D5CA0C0095EF43 /* WidgetKit.framework */,
				71DC1A7224D5CA0C0095EF43 /* SwiftUI.framework */,
			);
			name = Frameworks;
			sourceTree = "<group>";
		};
		71DC1A9E24D5CD760095EF43 /* DeploymentsWidget */ = {
			isa = PBXGroup;
			children = (
				71DC1A9F24D5CD760095EF43 /* DeploymentsWidget.swift */,
				71DC1AAF24D5CED90095EF43 /* WidgetContent.swift */,
				71DC1AB324D5CF430095EF43 /* DeploymentView.swift */,
				71DC1AA124D5CD780095EF43 /* Assets.xcassets */,
				71DC1AA324D5CD780095EF43 /* Info.plist */,
			);
			path = DeploymentsWidget;
			sourceTree = "<group>";
		};
		71DC1AC524D5E1CE0095EF43 /* macOSDeploymentsWidget */ = {
			isa = PBXGroup;
			children = (
				71DC1AC824D5E1D00095EF43 /* Assets.xcassets */,
				71DC1ACA24D5E1D00095EF43 /* Info.plist */,
				71DC1ACB24D5E1D00095EF43 /* macOSDeploymentsWidget.entitlements */,
			);
			path = macOSDeploymentsWidget;
			sourceTree = "<group>";
		};
		71F6571E24DEE4B200C08D01 /* Extensions */ = {
			isa = PBXGroup;
			children = (
			);
			path = Extensions;
			sourceTree = "<group>";
		};
/* End PBXGroup section */

/* Begin PBXNativeTarget section */
		716911D624A7E2C00023339D /* iOS */ = {
			isa = PBXNativeTarget;
			buildConfigurationList = 716911FE24A7E2C00023339D /* Build configuration list for PBXNativeTarget "iOS" */;
			buildPhases = (
				716911D324A7E2C00023339D /* Sources */,
				716911D424A7E2C00023339D /* Frameworks */,
				716911D524A7E2C00023339D /* Resources */,
				71DC1A8324D5CA0E0095EF43 /* Embed App Extensions */,
			);
			buildRules = (
			);
			dependencies = (
				71DC1AA524D5CD780095EF43 /* PBXTargetDependency */,
			);
			name = iOS;
			packageProductDependencies = (
				7169122F24A7E7160023339D /* Reachability */,
				7169123124A7E7190023339D /* KeychainAccess */,
				7169123324A7E71C0023339D /* Version */,
				7163C61024D711FE000DAE1A /* Purchases */,
			);
			productName = iOS;
			productReference = 716911D724A7E2C00023339D /* Zeitgeist.app */;
			productType = "com.apple.product-type.application";
		};
		716911DD24A7E2C00023339D /* macOS */ = {
			isa = PBXNativeTarget;
			buildConfigurationList = 7169120124A7E2C00023339D /* Build configuration list for PBXNativeTarget "macOS" */;
			buildPhases = (
				716911DA24A7E2C00023339D /* Sources */,
				716911DB24A7E2C00023339D /* Frameworks */,
				716911DC24A7E2C00023339D /* Resources */,
				71DC1AD224D5E1D00095EF43 /* Embed App Extensions */,
			);
			buildRules = (
			);
			dependencies = (
				71DC1ACD24D5E1D00095EF43 /* PBXTargetDependency */,
			);
			name = macOS;
			packageProductDependencies = (
				7169122724A7E5D70023339D /* KeychainAccess */,
				7169122A24A7E6120023339D /* Version */,
				7163C60624D6EF58000DAE1A /* Preferences */,
			);
			productName = macOS;
			productReference = 716911DE24A7E2C00023339D /* Zeitgeist.app */;
			productType = "com.apple.product-type.application";
		};
		716911E524A7E2C00023339D /* Tests iOS */ = {
			isa = PBXNativeTarget;
			buildConfigurationList = 7169120424A7E2C00023339D /* Build configuration list for PBXNativeTarget "Tests iOS" */;
			buildPhases = (
				716911E224A7E2C00023339D /* Sources */,
				716911E324A7E2C00023339D /* Frameworks */,
				716911E424A7E2C00023339D /* Resources */,
			);
			buildRules = (
			);
			dependencies = (
				716911E824A7E2C00023339D /* PBXTargetDependency */,
			);
			name = "Tests iOS";
			productName = "Tests iOS";
			productReference = 716911E624A7E2C00023339D /* Tests iOS.xctest */;
			productType = "com.apple.product-type.bundle.ui-testing";
		};
		716911F024A7E2C00023339D /* Tests macOS */ = {
			isa = PBXNativeTarget;
			buildConfigurationList = 7169120724A7E2C00023339D /* Build configuration list for PBXNativeTarget "Tests macOS" */;
			buildPhases = (
				716911ED24A7E2C00023339D /* Sources */,
				716911EE24A7E2C00023339D /* Frameworks */,
				716911EF24A7E2C00023339D /* Resources */,
			);
			buildRules = (
			);
			dependencies = (
				716911F324A7E2C00023339D /* PBXTargetDependency */,
			);
			name = "Tests macOS";
			productName = "Tests macOS";
			productReference = 716911F124A7E2C00023339D /* Tests macOS.xctest */;
			productType = "com.apple.product-type.bundle.ui-testing";
		};
		71DC1A9A24D5CD760095EF43 /* DeploymentsWidgetExtension */ = {
			isa = PBXNativeTarget;
			buildConfigurationList = 71DC1AA724D5CD780095EF43 /* Build configuration list for PBXNativeTarget "DeploymentsWidgetExtension" */;
			buildPhases = (
				71DC1A9724D5CD760095EF43 /* Sources */,
				71DC1A9824D5CD760095EF43 /* Frameworks */,
				71DC1A9924D5CD760095EF43 /* Resources */,
			);
			buildRules = (
			);
			dependencies = (
			);
			name = DeploymentsWidgetExtension;
			packageProductDependencies = (
				71DC1AAD24D5CE980095EF43 /* KeychainAccess */,
			);
			productName = DeploymentsWidgetExtension;
			productReference = 71DC1A9B24D5CD760095EF43 /* DeploymentsWidgetExtension.appex */;
			productType = "com.apple.product-type.app-extension";
		};
		71DC1AC124D5E1CE0095EF43 /* macOSDeploymentsWidgetExtension */ = {
			isa = PBXNativeTarget;
			buildConfigurationList = 71DC1ACF24D5E1D00095EF43 /* Build configuration list for PBXNativeTarget "macOSDeploymentsWidgetExtension" */;
			buildPhases = (
				71DC1ABE24D5E1CE0095EF43 /* Sources */,
				71DC1ABF24D5E1CE0095EF43 /* Frameworks */,
				71DC1AC024D5E1CE0095EF43 /* Resources */,
			);
			buildRules = (
			);
			dependencies = (
			);
			name = macOSDeploymentsWidgetExtension;
			packageProductDependencies = (
				71DC1ADB24D607100095EF43 /* KeychainAccess */,
			);
			productName = macOSDeploymentsWidgetExtension;
			productReference = 71DC1AC224D5E1CE0095EF43 /* macOSDeploymentsWidgetExtension.appex */;
			productType = "com.apple.product-type.app-extension";
		};
/* End PBXNativeTarget section */

/* Begin PBXProject section */
		715E06CF241BDE8C00A4DA0F /* Project object */ = {
			isa = PBXProject;
			attributes = {
				LastSwiftUpdateCheck = 1200;
				LastUpgradeCheck = 1130;
				ORGANIZATIONNAME = "Daniel Eden";
				TargetAttributes = {
					716911D624A7E2C00023339D = {
						CreatedOnToolsVersion = 12.0;
					};
					716911DD24A7E2C00023339D = {
						CreatedOnToolsVersion = 12.0;
					};
					716911E524A7E2C00023339D = {
						CreatedOnToolsVersion = 12.0;
						TestTargetID = 716911D624A7E2C00023339D;
					};
					716911F024A7E2C00023339D = {
						CreatedOnToolsVersion = 12.0;
						TestTargetID = 716911DD24A7E2C00023339D;
					};
					71DC1A9A24D5CD760095EF43 = {
						CreatedOnToolsVersion = 12.0;
					};
					71DC1AC124D5E1CE0095EF43 = {
						CreatedOnToolsVersion = 12.0;
					};
				};
			};
			buildConfigurationList = 715E06D2241BDE8C00A4DA0F /* Build configuration list for PBXProject "Zeitgeist" */;
			compatibilityVersion = "Xcode 9.3";
			developmentRegion = en;
			hasScannedForEncodings = 0;
			knownRegions = (
				en,
				Base,
			);
			mainGroup = 715E06CE241BDE8C00A4DA0F;
			packageReferences = (
				71CED25F241E69B700B9A7ED /* XCRemoteSwiftPackageReference "Reachability" */,
				7169122624A7E5D70023339D /* XCRemoteSwiftPackageReference "KeychainAccess" */,
				7169122924A7E6120023339D /* XCRemoteSwiftPackageReference "Version" */,
				7163C60524D6EF58000DAE1A /* XCRemoteSwiftPackageReference "Preferences" */,
				7163C60F24D711FE000DAE1A /* XCRemoteSwiftPackageReference "purchases-ios" */,
			);
			productRefGroup = 715E06D8241BDE8C00A4DA0F /* Products */;
			projectDirPath = "";
			projectRoot = "";
			targets = (
				716911D624A7E2C00023339D /* iOS */,
				716911DD24A7E2C00023339D /* macOS */,
				716911E524A7E2C00023339D /* Tests iOS */,
				716911F024A7E2C00023339D /* Tests macOS */,
				71DC1A9A24D5CD760095EF43 /* DeploymentsWidgetExtension */,
				71DC1AC124D5E1CE0095EF43 /* macOSDeploymentsWidgetExtension */,
			);
		};
/* End PBXProject section */

/* Begin PBXResourcesBuildPhase section */
		716911D524A7E2C00023339D /* Resources */ = {
			isa = PBXResourcesBuildPhase;
			buildActionMask = 2147483647;
			files = (
				716911FC24A7E2C00023339D /* Assets.xcassets in Resources */,
				7169122C24A7E6D60023339D /* Localizable.strings in Resources */,
			);
			runOnlyForDeploymentPostprocessing = 0;
		};
		716911DC24A7E2C00023339D /* Resources */ = {
			isa = PBXResourcesBuildPhase;
			buildActionMask = 2147483647;
			files = (
				716911FD24A7E2C00023339D /* Assets.xcassets in Resources */,
				7169122D24A7E6D70023339D /* Localizable.strings in Resources */,
			);
			runOnlyForDeploymentPostprocessing = 0;
		};
		716911E424A7E2C00023339D /* Resources */ = {
			isa = PBXResourcesBuildPhase;
			buildActionMask = 2147483647;
			files = (
			);
			runOnlyForDeploymentPostprocessing = 0;
		};
		716911EF24A7E2C00023339D /* Resources */ = {
			isa = PBXResourcesBuildPhase;
			buildActionMask = 2147483647;
			files = (
			);
			runOnlyForDeploymentPostprocessing = 0;
		};
		71DC1A9924D5CD760095EF43 /* Resources */ = {
			isa = PBXResourcesBuildPhase;
			buildActionMask = 2147483647;
			files = (
				71DC1AA224D5CD780095EF43 /* Assets.xcassets in Resources */,
			);
			runOnlyForDeploymentPostprocessing = 0;
		};
		71DC1AC024D5E1CE0095EF43 /* Resources */ = {
			isa = PBXResourcesBuildPhase;
			buildActionMask = 2147483647;
			files = (
				71DC1AC924D5E1D00095EF43 /* Assets.xcassets in Resources */,
			);
			runOnlyForDeploymentPostprocessing = 0;
		};
/* End PBXResourcesBuildPhase section */

/* Begin PBXSourcesBuildPhase section */
		716911D324A7E2C00023339D /* Sources */ = {
			isa = PBXSourcesBuildPhase;
			buildActionMask = 2147483647;
			files = (
				71F6571D24DEDD6600C08D01 /* AppDelegate.swift in Sources */,
				7163C61524D7159D000DAE1A /* PurchaseView.swift in Sources */,
				7169121A24A7E36F0023339D /* GitHubRelease.swift in Sources */,
				7169120F24A7E3300023339D /* DeploymentsListRowView.swift in Sources */,
				7163C60E24D70B63000DAE1A /* TipJarView.swift in Sources */,
				7169120E24A7E3300023339D /* SettingsView.swift in Sources */,
				71DC1AB024D5CED90095EF43 /* WidgetContent.swift in Sources */,
				7169121124A7E3300023339D /* DeploymentsListView.swift in Sources */,
				7169121B24A7E36F0023339D /* VercelTypes.swift in Sources */,
				7169121C24A7E36F0023339D /* VercelAPI.swift in Sources */,
				71C6790A24D5B18C0058F334 /* ZeitgeistLogo.swift in Sources */,
				71C6790724D5B16E0058F334 /* LoginView.swift in Sources */,
				7169120A24A7E30C0023339D /* Zeitgeist.swift in Sources */,
				71C6791024D5B2860058F334 /* DeploymentStateIndicator.swift in Sources */,
				7163C5FE24D6D45F000DAE1A /* VisualEffectView.swift in Sources */,
				7163C5F324D6C89F000DAE1A /* VercelDeploymentMock.swift in Sources */,
				7163C61324D71213000DAE1A /* PurchaseManager.swift in Sources */,
				7169121824A7E3620023339D /* UserDefaultsManager.swift in Sources */,
				71DC1ABB24D5D2EE0095EF43 /* ContentStore.swift in Sources */,
				71F7D9B124CDD04D00F93B88 /* DeploymentDetailView.swift in Sources */,
				7169120C24A7E31B0023339D /* ContentView.swift in Sources */,
				71C6790D24D5B2510058F334 /* EmptyDeploymentView.swift in Sources */,
			);
			runOnlyForDeploymentPostprocessing = 0;
		};
		716911DA24A7E2C00023339D /* Sources */ = {
			isa = PBXSourcesBuildPhase;
			buildActionMask = 2147483647;
			files = (
				7169121D24A7E36F0023339D /* GitHubRelease.swift in Sources */,
				7169121424A7E3300023339D /* DeploymentsListRowView.swift in Sources */,
				7163C5F624D6C987000DAE1A /* AppDelegate.swift in Sources */,
				7169121324A7E3300023339D /* SettingsView.swift in Sources */,
				7169121724A7E3300023339D /* UpdaterView.swift in Sources */,
				7163C5FB24D6D2D1000DAE1A /* VisualEffectView.swift in Sources */,
				7169121624A7E3300023339D /* DeploymentsListView.swift in Sources */,
				7163C60224D6E3F5000DAE1A /* Zeitgeist.swift in Sources */,
				7169121E24A7E36F0023339D /* VercelTypes.swift in Sources */,
				7169121F24A7E36F0023339D /* VercelAPI.swift in Sources */,
				71C6791124D5B2860058F334 /* DeploymentStateIndicator.swift in Sources */,
				71DC1ABC24D5D2EE0095EF43 /* ContentStore.swift in Sources */,
				71F7D9B224CDD04D00F93B88 /* DeploymentDetailView.swift in Sources */,
				71C6790824D5B16F0058F334 /* LoginView.swift in Sources */,
				71C6790B24D5B18C0058F334 /* ZeitgeistLogo.swift in Sources */,
				7169121924A7E3620023339D /* UserDefaultsManager.swift in Sources */,
				71DC1AB124D5CED90095EF43 /* WidgetContent.swift in Sources */,
				7163C60C24D6F04A000DAE1A /* Preferences.swift in Sources */,
				7163C5F424D6C8A0000DAE1A /* VercelDeploymentMock.swift in Sources */,
				71C6790E24D5B2510058F334 /* EmptyDeploymentView.swift in Sources */,
				7169120D24A7E31B0023339D /* ContentView.swift in Sources */,
			);
			runOnlyForDeploymentPostprocessing = 0;
		};
		716911E224A7E2C00023339D /* Sources */ = {
			isa = PBXSourcesBuildPhase;
			buildActionMask = 2147483647;
			files = (
				716911EB24A7E2C00023339D /* Tests_iOS.swift in Sources */,
			);
			runOnlyForDeploymentPostprocessing = 0;
		};
		716911ED24A7E2C00023339D /* Sources */ = {
			isa = PBXSourcesBuildPhase;
			buildActionMask = 2147483647;
			files = (
				71C6791324D5B3330058F334 /* DeploymentStateIndicator.swift in Sources */,
				716911F624A7E2C00023339D /* Tests_macOS.swift in Sources */,
			);
			runOnlyForDeploymentPostprocessing = 0;
		};
		71DC1A9724D5CD760095EF43 /* Sources */ = {
			isa = PBXSourcesBuildPhase;
			buildActionMask = 2147483647;
			files = (
				71DC1AAB24D5CE5A0095EF43 /* VercelTypes.swift in Sources */,
				71DC1AA024D5CD760095EF43 /* DeploymentsWidget.swift in Sources */,
				7163C5FC24D6D45E000DAE1A /* VisualEffectView.swift in Sources */,
				71DC1AB724D5D1D50095EF43 /* DeploymentStateIndicator.swift in Sources */,
				71DC1AB224D5CEDD0095EF43 /* WidgetContent.swift in Sources */,
				71DC1AAC24D5CE5E0095EF43 /* UserDefaultsManager.swift in Sources */,
				71DC1ABD24D5D49F0095EF43 /* ContentStore.swift in Sources */,
				71DC1AAA24D5CE460095EF43 /* VercelAPI.swift in Sources */,
				71DC1AB624D5CF4A0095EF43 /* DeploymentView.swift in Sources */,
			);
			runOnlyForDeploymentPostprocessing = 0;
		};
		71DC1ABE24D5E1CE0095EF43 /* Sources */ = {
			isa = PBXSourcesBuildPhase;
			buildActionMask = 2147483647;
			files = (
				71DC1AD824D606C90095EF43 /* VercelTypes.swift in Sources */,
				71DC1AD624D5E2190095EF43 /* DeploymentStateIndicator.swift in Sources */,
				7163C5FD24D6D45E000DAE1A /* VisualEffectView.swift in Sources */,
				71DC1ADD24D607D30095EF43 /* DeploymentsWidget.swift in Sources */,
				71DC1AD924D606D90095EF43 /* UserDefaultsManager.swift in Sources */,
				71DC1AD424D5E20B0095EF43 /* WidgetContent.swift in Sources */,
				71DC1ADA24D606F60095EF43 /* ContentStore.swift in Sources */,
				71DC1AD724D606C60095EF43 /* VercelAPI.swift in Sources */,
				71DC1AD524D5E20E0095EF43 /* DeploymentView.swift in Sources */,
			);
			runOnlyForDeploymentPostprocessing = 0;
		};
/* End PBXSourcesBuildPhase section */

/* Begin PBXTargetDependency section */
		716911E824A7E2C00023339D /* PBXTargetDependency */ = {
			isa = PBXTargetDependency;
			target = 716911D624A7E2C00023339D /* iOS */;
			targetProxy = 716911E724A7E2C00023339D /* PBXContainerItemProxy */;
		};
		716911F324A7E2C00023339D /* PBXTargetDependency */ = {
			isa = PBXTargetDependency;
			target = 716911DD24A7E2C00023339D /* macOS */;
			targetProxy = 716911F224A7E2C00023339D /* PBXContainerItemProxy */;
		};
		71DC1AA524D5CD780095EF43 /* PBXTargetDependency */ = {
			isa = PBXTargetDependency;
			target = 71DC1A9A24D5CD760095EF43 /* DeploymentsWidgetExtension */;
			targetProxy = 71DC1AA424D5CD780095EF43 /* PBXContainerItemProxy */;
		};
		71DC1ACD24D5E1D00095EF43 /* PBXTargetDependency */ = {
			isa = PBXTargetDependency;
			target = 71DC1AC124D5E1CE0095EF43 /* macOSDeploymentsWidgetExtension */;
			targetProxy = 71DC1ACC24D5E1D00095EF43 /* PBXContainerItemProxy */;
		};
/* End PBXTargetDependency section */

/* Begin PBXVariantGroup section */
		71D5EC3D241EE13D0076BCA3 /* Localizable.strings */ = {
			isa = PBXVariantGroup;
			children = (
				71D5EC3C241EE13D0076BCA3 /* en */,
			);
			name = Localizable.strings;
			sourceTree = "<group>";
		};
/* End PBXVariantGroup section */

/* Begin XCBuildConfiguration section */
		715E06FE241BDE9100A4DA0F /* Debug */ = {
			isa = XCBuildConfiguration;
			buildSettings = {
				ALWAYS_SEARCH_USER_PATHS = NO;
				CLANG_ANALYZER_LOCALIZABILITY_NONLOCALIZED = YES;
				CLANG_ANALYZER_NONNULL = YES;
				CLANG_ANALYZER_NUMBER_OBJECT_CONVERSION = YES_AGGRESSIVE;
				CLANG_CXX_LANGUAGE_STANDARD = "gnu++14";
				CLANG_CXX_LIBRARY = "libc++";
				CLANG_ENABLE_MODULES = YES;
				CLANG_ENABLE_OBJC_ARC = YES;
				CLANG_ENABLE_OBJC_WEAK = YES;
				CLANG_WARN_BLOCK_CAPTURE_AUTORELEASING = YES;
				CLANG_WARN_BOOL_CONVERSION = YES;
				CLANG_WARN_COMMA = YES;
				CLANG_WARN_CONSTANT_CONVERSION = YES;
				CLANG_WARN_DEPRECATED_OBJC_IMPLEMENTATIONS = YES;
				CLANG_WARN_DIRECT_OBJC_ISA_USAGE = YES_ERROR;
				CLANG_WARN_DOCUMENTATION_COMMENTS = YES;
				CLANG_WARN_EMPTY_BODY = YES;
				CLANG_WARN_ENUM_CONVERSION = YES;
				CLANG_WARN_INFINITE_RECURSION = YES;
				CLANG_WARN_INT_CONVERSION = YES;
				CLANG_WARN_NON_LITERAL_NULL_CONVERSION = YES;
				CLANG_WARN_OBJC_IMPLICIT_RETAIN_SELF = YES;
				CLANG_WARN_OBJC_LITERAL_CONVERSION = YES;
				CLANG_WARN_OBJC_ROOT_CLASS = YES_ERROR;
				CLANG_WARN_RANGE_LOOP_ANALYSIS = YES;
				CLANG_WARN_STRICT_PROTOTYPES = YES;
				CLANG_WARN_SUSPICIOUS_MOVE = YES;
				CLANG_WARN_UNGUARDED_AVAILABILITY = YES_AGGRESSIVE;
				CLANG_WARN_UNREACHABLE_CODE = YES;
				CLANG_WARN__DUPLICATE_METHOD_MATCH = YES;
				COPY_PHASE_STRIP = NO;
				DEBUG_INFORMATION_FORMAT = dwarf;
				ENABLE_STRICT_OBJC_MSGSEND = YES;
				ENABLE_TESTABILITY = YES;
				GCC_C_LANGUAGE_STANDARD = gnu11;
				GCC_DYNAMIC_NO_PIC = NO;
				GCC_NO_COMMON_BLOCKS = YES;
				GCC_OPTIMIZATION_LEVEL = 0;
				GCC_PREPROCESSOR_DEFINITIONS = (
					"DEBUG=1",
					"$(inherited)",
				);
				GCC_WARN_64_TO_32_BIT_CONVERSION = YES;
				GCC_WARN_ABOUT_RETURN_TYPE = YES_ERROR;
				GCC_WARN_UNDECLARED_SELECTOR = YES;
				GCC_WARN_UNINITIALIZED_AUTOS = YES_AGGRESSIVE;
				GCC_WARN_UNUSED_FUNCTION = YES;
				GCC_WARN_UNUSED_VARIABLE = YES;
				MACOSX_DEPLOYMENT_TARGET = 10.16;
				MTL_ENABLE_DEBUG_INFO = INCLUDE_SOURCE;
				MTL_FAST_MATH = YES;
				ONLY_ACTIVE_ARCH = YES;
				SDKROOT = macosx;
				SWIFT_ACTIVE_COMPILATION_CONDITIONS = DEBUG;
				SWIFT_OPTIMIZATION_LEVEL = "-Onone";
			};
			name = Debug;
		};
		715E06FF241BDE9100A4DA0F /* Release */ = {
			isa = XCBuildConfiguration;
			buildSettings = {
				ALWAYS_SEARCH_USER_PATHS = NO;
				CLANG_ANALYZER_LOCALIZABILITY_NONLOCALIZED = YES;
				CLANG_ANALYZER_NONNULL = YES;
				CLANG_ANALYZER_NUMBER_OBJECT_CONVERSION = YES_AGGRESSIVE;
				CLANG_CXX_LANGUAGE_STANDARD = "gnu++14";
				CLANG_CXX_LIBRARY = "libc++";
				CLANG_ENABLE_MODULES = YES;
				CLANG_ENABLE_OBJC_ARC = YES;
				CLANG_ENABLE_OBJC_WEAK = YES;
				CLANG_WARN_BLOCK_CAPTURE_AUTORELEASING = YES;
				CLANG_WARN_BOOL_CONVERSION = YES;
				CLANG_WARN_COMMA = YES;
				CLANG_WARN_CONSTANT_CONVERSION = YES;
				CLANG_WARN_DEPRECATED_OBJC_IMPLEMENTATIONS = YES;
				CLANG_WARN_DIRECT_OBJC_ISA_USAGE = YES_ERROR;
				CLANG_WARN_DOCUMENTATION_COMMENTS = YES;
				CLANG_WARN_EMPTY_BODY = YES;
				CLANG_WARN_ENUM_CONVERSION = YES;
				CLANG_WARN_INFINITE_RECURSION = YES;
				CLANG_WARN_INT_CONVERSION = YES;
				CLANG_WARN_NON_LITERAL_NULL_CONVERSION = YES;
				CLANG_WARN_OBJC_IMPLICIT_RETAIN_SELF = YES;
				CLANG_WARN_OBJC_LITERAL_CONVERSION = YES;
				CLANG_WARN_OBJC_ROOT_CLASS = YES_ERROR;
				CLANG_WARN_RANGE_LOOP_ANALYSIS = YES;
				CLANG_WARN_STRICT_PROTOTYPES = YES;
				CLANG_WARN_SUSPICIOUS_MOVE = YES;
				CLANG_WARN_UNGUARDED_AVAILABILITY = YES_AGGRESSIVE;
				CLANG_WARN_UNREACHABLE_CODE = YES;
				CLANG_WARN__DUPLICATE_METHOD_MATCH = YES;
				COPY_PHASE_STRIP = NO;
				DEBUG_INFORMATION_FORMAT = "dwarf-with-dsym";
				ENABLE_NS_ASSERTIONS = NO;
				ENABLE_STRICT_OBJC_MSGSEND = YES;
				GCC_C_LANGUAGE_STANDARD = gnu11;
				GCC_NO_COMMON_BLOCKS = YES;
				GCC_WARN_64_TO_32_BIT_CONVERSION = YES;
				GCC_WARN_ABOUT_RETURN_TYPE = YES_ERROR;
				GCC_WARN_UNDECLARED_SELECTOR = YES;
				GCC_WARN_UNINITIALIZED_AUTOS = YES_AGGRESSIVE;
				GCC_WARN_UNUSED_FUNCTION = YES;
				GCC_WARN_UNUSED_VARIABLE = YES;
				MACOSX_DEPLOYMENT_TARGET = 10.16;
				MTL_ENABLE_DEBUG_INFO = NO;
				MTL_FAST_MATH = YES;
				SDKROOT = macosx;
				SWIFT_COMPILATION_MODE = wholemodule;
				SWIFT_OPTIMIZATION_LEVEL = "-O";
			};
			name = Release;
		};
		716911FF24A7E2C00023339D /* Debug */ = {
			isa = XCBuildConfiguration;
			buildSettings = {
				ALWAYS_EMBED_SWIFT_STANDARD_LIBRARIES = YES;
				ASSETCATALOG_COMPILER_APPICON_NAME = AppIcon;
				ASSETCATALOG_COMPILER_GLOBAL_ACCENT_COLOR_NAME = AccentColor;
				CLANG_WARN_QUOTED_INCLUDE_IN_FRAMEWORK_HEADER = YES;
				CODE_SIGN_ENTITLEMENTS = iOS/Zeitgeist.entitlements;
				CODE_SIGN_STYLE = Automatic;
				CURRENT_PROJECT_VERSION = 8;
				DEAD_CODE_STRIPPING = NO;
				DEVELOPMENT_TEAM = YC249PY26F;
				ENABLE_BITCODE = NO;
				ENABLE_PREVIEWS = YES;
				INFOPLIST_FILE = iOS/Info.plist;
				IPHONEOS_DEPLOYMENT_TARGET = 14.0;
				LD_RUNPATH_SEARCH_PATHS = (
					"$(inherited)",
					"@executable_path/Frameworks",
				);
				PRODUCT_BUNDLE_IDENTIFIER = me.daneden.Zeitgeist;
				PRODUCT_NAME = Zeitgeist;
				SDKROOT = iphoneos;
				SWIFT_VERSION = 5.0;
				TARGETED_DEVICE_FAMILY = 1;
			};
			name = Debug;
		};
		7169120024A7E2C00023339D /* Release */ = {
			isa = XCBuildConfiguration;
			buildSettings = {
				ALWAYS_EMBED_SWIFT_STANDARD_LIBRARIES = YES;
				ASSETCATALOG_COMPILER_APPICON_NAME = AppIcon;
				ASSETCATALOG_COMPILER_GLOBAL_ACCENT_COLOR_NAME = AccentColor;
				CLANG_WARN_QUOTED_INCLUDE_IN_FRAMEWORK_HEADER = YES;
				CODE_SIGN_ENTITLEMENTS = iOS/Zeitgeist.entitlements;
				CODE_SIGN_STYLE = Automatic;
				CURRENT_PROJECT_VERSION = 8;
				DEAD_CODE_STRIPPING = NO;
				DEVELOPMENT_TEAM = YC249PY26F;
				ENABLE_BITCODE = NO;
				ENABLE_PREVIEWS = YES;
				INFOPLIST_FILE = iOS/Info.plist;
				IPHONEOS_DEPLOYMENT_TARGET = 14.0;
				LD_RUNPATH_SEARCH_PATHS = (
					"$(inherited)",
					"@executable_path/Frameworks",
				);
				PRODUCT_BUNDLE_IDENTIFIER = me.daneden.Zeitgeist;
				PRODUCT_NAME = Zeitgeist;
				SDKROOT = iphoneos;
				SWIFT_VERSION = 5.0;
				TARGETED_DEVICE_FAMILY = 1;
				VALIDATE_PRODUCT = YES;
			};
			name = Release;
		};
		7169120224A7E2C00023339D /* Debug */ = {
			isa = XCBuildConfiguration;
			buildSettings = {
				ALWAYS_EMBED_SWIFT_STANDARD_LIBRARIES = YES;
				ASSETCATALOG_COMPILER_APPICON_NAME = AppIcon;
				ASSETCATALOG_COMPILER_GLOBAL_ACCENT_COLOR_NAME = AccentColor;
				CLANG_WARN_QUOTED_INCLUDE_IN_FRAMEWORK_HEADER = YES;
				CODE_SIGN_ENTITLEMENTS = macOS/macOS.entitlements;
				CODE_SIGN_IDENTITY = "Apple Development";
				CODE_SIGN_STYLE = Automatic;
				COMBINE_HIDPI_IMAGES = YES;
				CURRENT_PROJECT_VERSION = 1;
				DEVELOPMENT_TEAM = YC249PY26F;
				ENABLE_PREVIEWS = YES;
				INFOPLIST_FILE = macOS/Info.plist;
				LD_RUNPATH_SEARCH_PATHS = (
					"$(inherited)",
					"@executable_path/../Frameworks",
				);
				MACOSX_DEPLOYMENT_TARGET = 10.16;
				MARKETING_VERSION = 2.0;
				PRODUCT_BUNDLE_IDENTIFIER = me.daneden.Zeitgeist;
				PRODUCT_NAME = Zeitgeist;
				SDKROOT = macosx;
				SWIFT_VERSION = 5.0;
			};
			name = Debug;
		};
		7169120324A7E2C00023339D /* Release */ = {
			isa = XCBuildConfiguration;
			buildSettings = {
				ALWAYS_EMBED_SWIFT_STANDARD_LIBRARIES = YES;
				ASSETCATALOG_COMPILER_APPICON_NAME = AppIcon;
				ASSETCATALOG_COMPILER_GLOBAL_ACCENT_COLOR_NAME = AccentColor;
				CLANG_WARN_QUOTED_INCLUDE_IN_FRAMEWORK_HEADER = YES;
				CODE_SIGN_ENTITLEMENTS = macOS/macOS.entitlements;
				CODE_SIGN_IDENTITY = "Apple Development";
				CODE_SIGN_STYLE = Automatic;
				COMBINE_HIDPI_IMAGES = YES;
				CURRENT_PROJECT_VERSION = 1;
				DEVELOPMENT_TEAM = YC249PY26F;
				ENABLE_PREVIEWS = YES;
				INFOPLIST_FILE = macOS/Info.plist;
				LD_RUNPATH_SEARCH_PATHS = (
					"$(inherited)",
					"@executable_path/../Frameworks",
				);
				MACOSX_DEPLOYMENT_TARGET = 10.16;
				MARKETING_VERSION = 2.0;
				PRODUCT_BUNDLE_IDENTIFIER = me.daneden.Zeitgeist;
				PRODUCT_NAME = Zeitgeist;
				SDKROOT = macosx;
				SWIFT_VERSION = 5.0;
			};
			name = Release;
		};
		7169120524A7E2C00023339D /* Debug */ = {
			isa = XCBuildConfiguration;
			buildSettings = {
				ALWAYS_EMBED_SWIFT_STANDARD_LIBRARIES = YES;
				CLANG_WARN_QUOTED_INCLUDE_IN_FRAMEWORK_HEADER = YES;
				CODE_SIGN_STYLE = Automatic;
				INFOPLIST_FILE = "Tests iOS/Info.plist";
				IPHONEOS_DEPLOYMENT_TARGET = 14.0;
				LD_RUNPATH_SEARCH_PATHS = (
					"$(inherited)",
					"@executable_path/Frameworks",
					"@loader_path/Frameworks",
				);
				PRODUCT_BUNDLE_IDENTIFIER = "me.daneden.Tests-iOS";
				PRODUCT_NAME = "$(TARGET_NAME)";
				SDKROOT = iphoneos;
				SWIFT_VERSION = 5.0;
				TARGETED_DEVICE_FAMILY = "1,2";
				TEST_TARGET_NAME = iOS;
			};
			name = Debug;
		};
		7169120624A7E2C00023339D /* Release */ = {
			isa = XCBuildConfiguration;
			buildSettings = {
				ALWAYS_EMBED_SWIFT_STANDARD_LIBRARIES = YES;
				CLANG_WARN_QUOTED_INCLUDE_IN_FRAMEWORK_HEADER = YES;
				CODE_SIGN_STYLE = Automatic;
				INFOPLIST_FILE = "Tests iOS/Info.plist";
				IPHONEOS_DEPLOYMENT_TARGET = 14.0;
				LD_RUNPATH_SEARCH_PATHS = (
					"$(inherited)",
					"@executable_path/Frameworks",
					"@loader_path/Frameworks",
				);
				PRODUCT_BUNDLE_IDENTIFIER = "me.daneden.Tests-iOS";
				PRODUCT_NAME = "$(TARGET_NAME)";
				SDKROOT = iphoneos;
				SWIFT_VERSION = 5.0;
				TARGETED_DEVICE_FAMILY = "1,2";
				TEST_TARGET_NAME = iOS;
				VALIDATE_PRODUCT = YES;
			};
			name = Release;
		};
		7169120824A7E2C00023339D /* Debug */ = {
			isa = XCBuildConfiguration;
			buildSettings = {
				ALWAYS_EMBED_SWIFT_STANDARD_LIBRARIES = YES;
				CLANG_WARN_QUOTED_INCLUDE_IN_FRAMEWORK_HEADER = YES;
				CODE_SIGN_STYLE = Automatic;
				COMBINE_HIDPI_IMAGES = YES;
				INFOPLIST_FILE = "Tests macOS/Info.plist";
				LD_RUNPATH_SEARCH_PATHS = (
					"$(inherited)",
					"@executable_path/../Frameworks",
					"@loader_path/../Frameworks",
				);
				PRODUCT_BUNDLE_IDENTIFIER = "me.daneden.Tests-macOS";
				PRODUCT_NAME = "$(TARGET_NAME)";
				SWIFT_VERSION = 5.0;
				TEST_TARGET_NAME = macOS;
			};
			name = Debug;
		};
		7169120924A7E2C00023339D /* Release */ = {
			isa = XCBuildConfiguration;
			buildSettings = {
				ALWAYS_EMBED_SWIFT_STANDARD_LIBRARIES = YES;
				CLANG_WARN_QUOTED_INCLUDE_IN_FRAMEWORK_HEADER = YES;
				CODE_SIGN_STYLE = Automatic;
				COMBINE_HIDPI_IMAGES = YES;
				INFOPLIST_FILE = "Tests macOS/Info.plist";
				LD_RUNPATH_SEARCH_PATHS = (
					"$(inherited)",
					"@executable_path/../Frameworks",
					"@loader_path/../Frameworks",
				);
				PRODUCT_BUNDLE_IDENTIFIER = "me.daneden.Tests-macOS";
				PRODUCT_NAME = "$(TARGET_NAME)";
				SWIFT_VERSION = 5.0;
				TEST_TARGET_NAME = macOS;
			};
			name = Release;
		};
		71DC1AA824D5CD780095EF43 /* Debug */ = {
			isa = XCBuildConfiguration;
			buildSettings = {
				ASSETCATALOG_COMPILER_GLOBAL_ACCENT_COLOR_NAME = AccentColor;
				ASSETCATALOG_COMPILER_WIDGET_BACKGROUND_COLOR_NAME = WidgetBackground;
				CLANG_WARN_QUOTED_INCLUDE_IN_FRAMEWORK_HEADER = YES;
				CODE_SIGN_ENTITLEMENTS = DeploymentsWidgetExtension.entitlements;
				CODE_SIGN_STYLE = Automatic;
				CURRENT_PROJECT_VERSION = 8;
				DEAD_CODE_STRIPPING = NO;
				DEVELOPMENT_TEAM = YC249PY26F;
				ENABLE_BITCODE = NO;
				INFOPLIST_FILE = DeploymentsWidget/Info.plist;
				IPHONEOS_DEPLOYMENT_TARGET = 14.0;
				LD_RUNPATH_SEARCH_PATHS = (
					"$(inherited)",
					"@executable_path/Frameworks",
					"@executable_path/../../Frameworks",
				);
				PRODUCT_BUNDLE_IDENTIFIER = me.daneden.Zeitgeist.DeploymentsWidget;
				PRODUCT_NAME = "$(TARGET_NAME)";
				SDKROOT = iphoneos;
				SKIP_INSTALL = YES;
				SUPPORTS_MACCATALYST = NO;
				SUPPORTS_MAC_DESIGNED_FOR_IPHONE_IPAD = NO;
				SWIFT_VERSION = 5.0;
				TARGETED_DEVICE_FAMILY = 1;
			};
			name = Debug;
		};
		71DC1AA924D5CD780095EF43 /* Release */ = {
			isa = XCBuildConfiguration;
			buildSettings = {
				ASSETCATALOG_COMPILER_GLOBAL_ACCENT_COLOR_NAME = AccentColor;
				ASSETCATALOG_COMPILER_WIDGET_BACKGROUND_COLOR_NAME = WidgetBackground;
				CLANG_WARN_QUOTED_INCLUDE_IN_FRAMEWORK_HEADER = YES;
				CODE_SIGN_ENTITLEMENTS = DeploymentsWidgetExtension.entitlements;
				CODE_SIGN_STYLE = Automatic;
				CURRENT_PROJECT_VERSION = 8;
				DEAD_CODE_STRIPPING = NO;
				DEVELOPMENT_TEAM = YC249PY26F;
				ENABLE_BITCODE = NO;
				INFOPLIST_FILE = DeploymentsWidget/Info.plist;
				IPHONEOS_DEPLOYMENT_TARGET = 14.0;
				LD_RUNPATH_SEARCH_PATHS = (
					"$(inherited)",
					"@executable_path/Frameworks",
					"@executable_path/../../Frameworks",
				);
				PRODUCT_BUNDLE_IDENTIFIER = me.daneden.Zeitgeist.DeploymentsWidget;
				PRODUCT_NAME = "$(TARGET_NAME)";
				SDKROOT = iphoneos;
				SKIP_INSTALL = YES;
				SUPPORTS_MACCATALYST = NO;
				SUPPORTS_MAC_DESIGNED_FOR_IPHONE_IPAD = NO;
				SWIFT_VERSION = 5.0;
				TARGETED_DEVICE_FAMILY = 1;
				VALIDATE_PRODUCT = YES;
			};
			name = Release;
		};
		71DC1AD024D5E1D00095EF43 /* Debug */ = {
			isa = XCBuildConfiguration;
			buildSettings = {
				ASSETCATALOG_COMPILER_GLOBAL_ACCENT_COLOR_NAME = AccentColor;
				ASSETCATALOG_COMPILER_WIDGET_BACKGROUND_COLOR_NAME = WidgetBackground;
				CLANG_WARN_QUOTED_INCLUDE_IN_FRAMEWORK_HEADER = YES;
				CODE_SIGN_ENTITLEMENTS = macOSDeploymentsWidget/macOSDeploymentsWidget.entitlements;
				CODE_SIGN_IDENTITY = "Apple Development";
				CODE_SIGN_STYLE = Automatic;
				CURRENT_PROJECT_VERSION = 1;
				DEVELOPMENT_TEAM = YC249PY26F;
				ENABLE_HARDENED_RUNTIME = YES;
				INFOPLIST_FILE = macOSDeploymentsWidget/Info.plist;
				LD_RUNPATH_SEARCH_PATHS = (
					"$(inherited)",
					"@executable_path/../Frameworks",
					"@executable_path/../../../../Frameworks",
				);
				MACOSX_DEPLOYMENT_TARGET = 11.0;
				MARKETING_VERSION = 2.0;
				PRODUCT_BUNDLE_IDENTIFIER = me.daneden.Zeitgeist.macOSDeploymentsWidget;
				PRODUCT_NAME = "$(TARGET_NAME)";
				SKIP_INSTALL = YES;
				SWIFT_VERSION = 5.0;
			};
			name = Debug;
		};
		71DC1AD124D5E1D00095EF43 /* Release */ = {
			isa = XCBuildConfiguration;
			buildSettings = {
				ASSETCATALOG_COMPILER_GLOBAL_ACCENT_COLOR_NAME = AccentColor;
				ASSETCATALOG_COMPILER_WIDGET_BACKGROUND_COLOR_NAME = WidgetBackground;
				CLANG_WARN_QUOTED_INCLUDE_IN_FRAMEWORK_HEADER = YES;
				CODE_SIGN_ENTITLEMENTS = macOSDeploymentsWidget/macOSDeploymentsWidget.entitlements;
				CODE_SIGN_IDENTITY = "Apple Development";
				CODE_SIGN_STYLE = Automatic;
				CURRENT_PROJECT_VERSION = 1;
				DEVELOPMENT_TEAM = YC249PY26F;
				ENABLE_HARDENED_RUNTIME = YES;
				INFOPLIST_FILE = macOSDeploymentsWidget/Info.plist;
				LD_RUNPATH_SEARCH_PATHS = (
					"$(inherited)",
					"@executable_path/../Frameworks",
					"@executable_path/../../../../Frameworks",
				);
				MACOSX_DEPLOYMENT_TARGET = 11.0;
				MARKETING_VERSION = 2.0;
				PRODUCT_BUNDLE_IDENTIFIER = me.daneden.Zeitgeist.macOSDeploymentsWidget;
				PRODUCT_NAME = "$(TARGET_NAME)";
				SKIP_INSTALL = YES;
				SWIFT_VERSION = 5.0;
			};
			name = Release;
		};
/* End XCBuildConfiguration section */

/* Begin XCConfigurationList section */
		715E06D2241BDE8C00A4DA0F /* Build configuration list for PBXProject "Zeitgeist" */ = {
			isa = XCConfigurationList;
			buildConfigurations = (
				715E06FE241BDE9100A4DA0F /* Debug */,
				715E06FF241BDE9100A4DA0F /* Release */,
			);
			defaultConfigurationIsVisible = 0;
			defaultConfigurationName = Release;
		};
		716911FE24A7E2C00023339D /* Build configuration list for PBXNativeTarget "iOS" */ = {
			isa = XCConfigurationList;
			buildConfigurations = (
				716911FF24A7E2C00023339D /* Debug */,
				7169120024A7E2C00023339D /* Release */,
			);
			defaultConfigurationIsVisible = 0;
			defaultConfigurationName = Release;
		};
		7169120124A7E2C00023339D /* Build configuration list for PBXNativeTarget "macOS" */ = {
			isa = XCConfigurationList;
			buildConfigurations = (
				7169120224A7E2C00023339D /* Debug */,
				7169120324A7E2C00023339D /* Release */,
			);
			defaultConfigurationIsVisible = 0;
			defaultConfigurationName = Release;
		};
		7169120424A7E2C00023339D /* Build configuration list for PBXNativeTarget "Tests iOS" */ = {
			isa = XCConfigurationList;
			buildConfigurations = (
				7169120524A7E2C00023339D /* Debug */,
				7169120624A7E2C00023339D /* Release */,
			);
			defaultConfigurationIsVisible = 0;
			defaultConfigurationName = Release;
		};
		7169120724A7E2C00023339D /* Build configuration list for PBXNativeTarget "Tests macOS" */ = {
			isa = XCConfigurationList;
			buildConfigurations = (
				7169120824A7E2C00023339D /* Debug */,
				7169120924A7E2C00023339D /* Release */,
			);
			defaultConfigurationIsVisible = 0;
			defaultConfigurationName = Release;
		};
		71DC1AA724D5CD780095EF43 /* Build configuration list for PBXNativeTarget "DeploymentsWidgetExtension" */ = {
			isa = XCConfigurationList;
			buildConfigurations = (
				71DC1AA824D5CD780095EF43 /* Debug */,
				71DC1AA924D5CD780095EF43 /* Release */,
			);
			defaultConfigurationIsVisible = 0;
			defaultConfigurationName = Release;
		};
		71DC1ACF24D5E1D00095EF43 /* Build configuration list for PBXNativeTarget "macOSDeploymentsWidgetExtension" */ = {
			isa = XCConfigurationList;
			buildConfigurations = (
				71DC1AD024D5E1D00095EF43 /* Debug */,
				71DC1AD124D5E1D00095EF43 /* Release */,
			);
			defaultConfigurationIsVisible = 0;
			defaultConfigurationName = Release;
		};
/* End XCConfigurationList section */

/* Begin XCRemoteSwiftPackageReference section */
		7163C60524D6EF58000DAE1A /* XCRemoteSwiftPackageReference "Preferences" */ = {
			isa = XCRemoteSwiftPackageReference;
			repositoryURL = "https://github.com/sindresorhus/Preferences";
			requirement = {
				kind = upToNextMajorVersion;
				minimumVersion = 2.0.1;
			};
		};
		7163C60F24D711FE000DAE1A /* XCRemoteSwiftPackageReference "purchases-ios" */ = {
			isa = XCRemoteSwiftPackageReference;
			repositoryURL = "https://github.com/RevenueCat/purchases-ios.git";
			requirement = {
				kind = upToNextMajorVersion;
				minimumVersion = 3.5.2;
			};
		};
		7169122624A7E5D70023339D /* XCRemoteSwiftPackageReference "KeychainAccess" */ = {
			isa = XCRemoteSwiftPackageReference;
			repositoryURL = "https://github.com/kishikawakatsumi/KeychainAccess";
			requirement = {
				kind = upToNextMajorVersion;
				minimumVersion = 4.2.0;
			};
		};
		7169122924A7E6120023339D /* XCRemoteSwiftPackageReference "Version" */ = {
			isa = XCRemoteSwiftPackageReference;
			repositoryURL = "https://github.com/mrackwitz/Version";
			requirement = {
				kind = upToNextMajorVersion;
				minimumVersion = 0.8.0;
			};
		};
		71CED25F241E69B700B9A7ED /* XCRemoteSwiftPackageReference "Reachability" */ = {
			isa = XCRemoteSwiftPackageReference;
			repositoryURL = "https://github.com/ashleymills/Reachability.swift";
			requirement = {
				kind = upToNextMajorVersion;
				minimumVersion = 5.0.0;
			};
		};
/* End XCRemoteSwiftPackageReference section */

/* Begin XCSwiftPackageProductDependency section */
		7163C60624D6EF58000DAE1A /* Preferences */ = {
			isa = XCSwiftPackageProductDependency;
			package = 7163C60524D6EF58000DAE1A /* XCRemoteSwiftPackageReference "Preferences" */;
			productName = Preferences;
		};
		7163C61024D711FE000DAE1A /* Purchases */ = {
			isa = XCSwiftPackageProductDependency;
			package = 7163C60F24D711FE000DAE1A /* XCRemoteSwiftPackageReference "purchases-ios" */;
			productName = Purchases;
		};
		7169122724A7E5D70023339D /* KeychainAccess */ = {
			isa = XCSwiftPackageProductDependency;
			package = 7169122624A7E5D70023339D /* XCRemoteSwiftPackageReference "KeychainAccess" */;
			productName = KeychainAccess;
		};
		7169122A24A7E6120023339D /* Version */ = {
			isa = XCSwiftPackageProductDependency;
			package = 7169122924A7E6120023339D /* XCRemoteSwiftPackageReference "Version" */;
			productName = Version;
		};
		7169122F24A7E7160023339D /* Reachability */ = {
			isa = XCSwiftPackageProductDependency;
			package = 71CED25F241E69B700B9A7ED /* XCRemoteSwiftPackageReference "Reachability" */;
			productName = Reachability;
		};
		7169123124A7E7190023339D /* KeychainAccess */ = {
			isa = XCSwiftPackageProductDependency;
			package = 7169122624A7E5D70023339D /* XCRemoteSwiftPackageReference "KeychainAccess" */;
			productName = KeychainAccess;
		};
		7169123324A7E71C0023339D /* Version */ = {
			isa = XCSwiftPackageProductDependency;
			package = 7169122924A7E6120023339D /* XCRemoteSwiftPackageReference "Version" */;
			productName = Version;
		};
		71DC1AAD24D5CE980095EF43 /* KeychainAccess */ = {
			isa = XCSwiftPackageProductDependency;
			package = 7169122624A7E5D70023339D /* XCRemoteSwiftPackageReference "KeychainAccess" */;
			productName = KeychainAccess;
		};
		71DC1ADB24D607100095EF43 /* KeychainAccess */ = {
			isa = XCSwiftPackageProductDependency;
			package = 7169122624A7E5D70023339D /* XCRemoteSwiftPackageReference "KeychainAccess" */;
			productName = KeychainAccess;
		};
/* End XCSwiftPackageProductDependency section */
	};
	rootObject = 715E06CF241BDE8C00A4DA0F /* Project object */;
}
