// !$*UTF8*$!
{
	archiveVersion = 1;
	classes = {
	};
	objectVersion = 50;
	objects = {

/* Begin PBXBuildFile section */
		71155347266279CF00A73CD6 /* VerdantApp.swift in Sources */ = {isa = PBXBuildFile; fileRef = 71155346266279CF00A73CD6 /* VerdantApp.swift */; };
		71155349266279CF00A73CD6 /* ContentView.swift in Sources */ = {isa = PBXBuildFile; fileRef = 71155348266279CF00A73CD6 /* ContentView.swift */; };
		7115534B266279D000A73CD6 /* Assets.xcassets in Resources */ = {isa = PBXBuildFile; fileRef = 7115534A266279D000A73CD6 /* Assets.xcassets */; };
		7115534E266279D000A73CD6 /* Preview Assets.xcassets in Resources */ = {isa = PBXBuildFile; fileRef = 7115534D266279D000A73CD6 /* Preview Assets.xcassets */; };
		7115535726627AD800A73CD6 /* SignInViewModel.swift in Sources */ = {isa = PBXBuildFile; fileRef = 7115535626627AD800A73CD6 /* SignInViewModel.swift */; };
		7115535926627B2900A73CD6 /* Session.swift in Sources */ = {isa = PBXBuildFile; fileRef = 7115535826627B2900A73CD6 /* Session.swift */; };
		7115535C26627BB900A73CD6 /* AddAccountButton.swift in Sources */ = {isa = PBXBuildFile; fileRef = 7115535B26627BB900A73CD6 /* AddAccountButton.swift */; };
		7115535E26627EFE00A73CD6 /* RemoteImage.swift in Sources */ = {isa = PBXBuildFile; fileRef = 7115535D26627EFE00A73CD6 /* RemoteImage.swift */; };
		7115536126627F3E00A73CD6 /* KeychainItem.swift in Sources */ = {isa = PBXBuildFile; fileRef = 7115536026627F3E00A73CD6 /* KeychainItem.swift */; };
		71155364266282C900A73CD6 /* Array.extension.swift in Sources */ = {isa = PBXBuildFile; fileRef = 71155363266282C900A73CD6 /* Array.extension.swift */; };
		71155366266289F500A73CD6 /* AccountViewModel.swift in Sources */ = {isa = PBXBuildFile; fileRef = 71155365266289F500A73CD6 /* AccountViewModel.swift */; };
		7115536926628B8100A73CD6 /* AccountLoader.swift in Sources */ = {isa = PBXBuildFile; fileRef = 7115536826628B8100A73CD6 /* AccountLoader.swift */; };
		7115536B266291BC00A73CD6 /* AccountListRowView.swift in Sources */ = {isa = PBXBuildFile; fileRef = 7115536A266291BC00A73CD6 /* AccountListRowView.swift */; };
		7115536D266292AF00A73CD6 /* VercelUserAvatarView.swift in Sources */ = {isa = PBXBuildFile; fileRef = 7115536C266292AF00A73CD6 /* VercelUserAvatarView.swift */; };
		7115536F2662948100A73CD6 /* LoadableObject.swift in Sources */ = {isa = PBXBuildFile; fileRef = 7115536E2662948100A73CD6 /* LoadableObject.swift */; };
		71155371266294BB00A73CD6 /* AsyncContentView.swift in Sources */ = {isa = PBXBuildFile; fileRef = 71155370266294BB00A73CD6 /* AsyncContentView.swift */; };
		71155373266299BD00A73CD6 /* PublishedObject.swift in Sources */ = {isa = PBXBuildFile; fileRef = 71155372266299BD00A73CD6 /* PublishedObject.swift */; };
		7115537526629B0C00A73CD6 /* DeploymentsLoader.swift in Sources */ = {isa = PBXBuildFile; fileRef = 7115537426629B0C00A73CD6 /* DeploymentsLoader.swift */; };
		7115537726629BAA00A73CD6 /* GitCommit.swift in Sources */ = {isa = PBXBuildFile; fileRef = 7115537626629BAA00A73CD6 /* GitCommit.swift */; };
		7115537926629BB900A73CD6 /* Deployment.swift in Sources */ = {isa = PBXBuildFile; fileRef = 7115537826629BB900A73CD6 /* Deployment.swift */; };
		7115537B2663AD2900A73CD6 /* DeploymentListRowView.swift in Sources */ = {isa = PBXBuildFile; fileRef = 7115537A2663AD2900A73CD6 /* DeploymentListRowView.swift */; };
		7115537D2663AD8000A73CD6 /* DeploymentStateIndicator.swift in Sources */ = {isa = PBXBuildFile; fileRef = 7115537C2663AD8000A73CD6 /* DeploymentStateIndicator.swift */; };
		7115537F2663AD9B00A73CD6 /* Color.extension.swift in Sources */ = {isa = PBXBuildFile; fileRef = 7115537E2663AD9B00A73CD6 /* Color.extension.swift */; };
		711553812663AE0900A73CD6 /* DeploymentListView.swift in Sources */ = {isa = PBXBuildFile; fileRef = 711553802663AE0900A73CD6 /* DeploymentListView.swift */; };
		711553832663AE5F00A73CD6 /* DeploymentsViewModel.swift in Sources */ = {isa = PBXBuildFile; fileRef = 711553822663AE5F00A73CD6 /* DeploymentsViewModel.swift */; };
		711553852663B00B00A73CD6 /* AccountListView.swift in Sources */ = {isa = PBXBuildFile; fileRef = 711553842663B00B00A73CD6 /* AccountListView.swift */; };
		711553872663B03C00A73CD6 /* PlaceholderView.swift in Sources */ = {isa = PBXBuildFile; fileRef = 711553862663B03C00A73CD6 /* PlaceholderView.swift */; };
		7115538926642A5100A73CD6 /* DeploymentDetailView.swift in Sources */ = {isa = PBXBuildFile; fileRef = 7115538826642A5100A73CD6 /* DeploymentDetailView.swift */; };
		7115538D2664E00A00A73CD6 /* DeploymentDetailLabel.swift in Sources */ = {isa = PBXBuildFile; fileRef = 7115538C2664E00A00A73CD6 /* DeploymentDetailLabel.swift */; };
		7115538F2664E1B400A73CD6 /* GitProviderImage.swift in Sources */ = {isa = PBXBuildFile; fileRef = 7115538E2664E1B400A73CD6 /* GitProviderImage.swift */; };
		711553912664E37F00A73CD6 /* AliasesLoader.swift in Sources */ = {isa = PBXBuildFile; fileRef = 711553902664E37F00A73CD6 /* AliasesLoader.swift */; };
		711553932664E46400A73CD6 /* AliasesViewModel.swift in Sources */ = {isa = PBXBuildFile; fileRef = 711553922664E46400A73CD6 /* AliasesViewModel.swift */; };
		7115539C26653CA000A73CD6 /* DeploymentFilterView.swift in Sources */ = {isa = PBXBuildFile; fileRef = 7115539B26653CA000A73CD6 /* DeploymentFilterView.swift */; };
		711553A8266548BD00A73CD6 /* Assets.xcassets in Resources */ = {isa = PBXBuildFile; fileRef = 711553A7266548BD00A73CD6 /* Assets.xcassets */; };
		711553AB266548BD00A73CD6 /* Preview Assets.xcassets in Resources */ = {isa = PBXBuildFile; fileRef = 711553AA266548BD00A73CD6 /* Preview Assets.xcassets */; };
		711553B1266548E400A73CD6 /* PlaceholderView.swift in Sources */ = {isa = PBXBuildFile; fileRef = 711553862663B03C00A73CD6 /* PlaceholderView.swift */; };
		711553B2266548E400A73CD6 /* VerdantApp.swift in Sources */ = {isa = PBXBuildFile; fileRef = 71155346266279CF00A73CD6 /* VerdantApp.swift */; };
		711553B3266548E400A73CD6 /* AccountListRowView.swift in Sources */ = {isa = PBXBuildFile; fileRef = 7115536A266291BC00A73CD6 /* AccountListRowView.swift */; };
		711553B4266548E400A73CD6 /* AccountListView.swift in Sources */ = {isa = PBXBuildFile; fileRef = 711553842663B00B00A73CD6 /* AccountListView.swift */; };
		711553B5266548E400A73CD6 /* ContentView.swift in Sources */ = {isa = PBXBuildFile; fileRef = 71155348266279CF00A73CD6 /* ContentView.swift */; };
		711553B6266548E400A73CD6 /* DeploymentListRowView.swift in Sources */ = {isa = PBXBuildFile; fileRef = 7115537A2663AD2900A73CD6 /* DeploymentListRowView.swift */; };
		711553B7266548E400A73CD6 /* DeploymentStateIndicator.swift in Sources */ = {isa = PBXBuildFile; fileRef = 7115537C2663AD8000A73CD6 /* DeploymentStateIndicator.swift */; };
		711553B8266548E400A73CD6 /* DeploymentDetailView.swift in Sources */ = {isa = PBXBuildFile; fileRef = 7115538826642A5100A73CD6 /* DeploymentDetailView.swift */; };
		711553B9266548E400A73CD6 /* DeploymentListView.swift in Sources */ = {isa = PBXBuildFile; fileRef = 711553802663AE0900A73CD6 /* DeploymentListView.swift */; };
		711553BA266548E400A73CD6 /* DeploymentFilterView.swift in Sources */ = {isa = PBXBuildFile; fileRef = 7115539B26653CA000A73CD6 /* DeploymentFilterView.swift */; };
		711553BB266548E400A73CD6 /* DeploymentDetailLabel.swift in Sources */ = {isa = PBXBuildFile; fileRef = 7115538C2664E00A00A73CD6 /* DeploymentDetailLabel.swift */; };
		711553BC266548F400A73CD6 /* Color.extension.swift in Sources */ = {isa = PBXBuildFile; fileRef = 7115537E2663AD9B00A73CD6 /* Color.extension.swift */; };
		711553BD266548F400A73CD6 /* Array.extension.swift in Sources */ = {isa = PBXBuildFile; fileRef = 71155363266282C900A73CD6 /* Array.extension.swift */; };
		711553BE2665490100A73CD6 /* Assets.xcassets in Resources */ = {isa = PBXBuildFile; fileRef = 7115534A266279D000A73CD6 /* Assets.xcassets */; };
		711553BF2665490800A73CD6 /* VercelUserAvatarView.swift in Sources */ = {isa = PBXBuildFile; fileRef = 7115536C266292AF00A73CD6 /* VercelUserAvatarView.swift */; };
		711553C02665490800A73CD6 /* AddAccountButton.swift in Sources */ = {isa = PBXBuildFile; fileRef = 7115535B26627BB900A73CD6 /* AddAccountButton.swift */; };
		711553C12665490800A73CD6 /* AsyncContentView.swift in Sources */ = {isa = PBXBuildFile; fileRef = 71155370266294BB00A73CD6 /* AsyncContentView.swift */; };
		711553C22665490800A73CD6 /* RemoteImage.swift in Sources */ = {isa = PBXBuildFile; fileRef = 7115535D26627EFE00A73CD6 /* RemoteImage.swift */; };
		711553C32665490800A73CD6 /* GitProviderImage.swift in Sources */ = {isa = PBXBuildFile; fileRef = 7115538E2664E1B400A73CD6 /* GitProviderImage.swift */; };
		711553C52665490E00A73CD6 /* KeychainItem.swift in Sources */ = {isa = PBXBuildFile; fileRef = 7115536026627F3E00A73CD6 /* KeychainItem.swift */; };
		711553C62665491300A73CD6 /* DeploymentsViewModel.swift in Sources */ = {isa = PBXBuildFile; fileRef = 711553822663AE5F00A73CD6 /* DeploymentsViewModel.swift */; };
		711553C72665491300A73CD6 /* SignInViewModel.swift in Sources */ = {isa = PBXBuildFile; fileRef = 7115535626627AD800A73CD6 /* SignInViewModel.swift */; };
		711553C82665491300A73CD6 /* Deployment.swift in Sources */ = {isa = PBXBuildFile; fileRef = 7115537826629BB900A73CD6 /* Deployment.swift */; };
		711553C92665491300A73CD6 /* AccountViewModel.swift in Sources */ = {isa = PBXBuildFile; fileRef = 71155365266289F500A73CD6 /* AccountViewModel.swift */; };
		711553CA2665491300A73CD6 /* Session.swift in Sources */ = {isa = PBXBuildFile; fileRef = 7115535826627B2900A73CD6 /* Session.swift */; };
		711553CB2665491300A73CD6 /* AliasesViewModel.swift in Sources */ = {isa = PBXBuildFile; fileRef = 711553922664E46400A73CD6 /* AliasesViewModel.swift */; };
		711553CC2665491300A73CD6 /* GitCommit.swift in Sources */ = {isa = PBXBuildFile; fileRef = 7115537626629BAA00A73CD6 /* GitCommit.swift */; };
		711553CD2665491700A73CD6 /* DeploymentsLoader.swift in Sources */ = {isa = PBXBuildFile; fileRef = 7115537426629B0C00A73CD6 /* DeploymentsLoader.swift */; };
		711553CE2665491700A73CD6 /* AccountLoader.swift in Sources */ = {isa = PBXBuildFile; fileRef = 7115536826628B8100A73CD6 /* AccountLoader.swift */; };
		711553CF2665491700A73CD6 /* AliasesLoader.swift in Sources */ = {isa = PBXBuildFile; fileRef = 711553902664E37F00A73CD6 /* AliasesLoader.swift */; };
		711553D02665491700A73CD6 /* LoadableObject.swift in Sources */ = {isa = PBXBuildFile; fileRef = 7115536E2662948100A73CD6 /* LoadableObject.swift */; };
		711553D12665491700A73CD6 /* PublishedObject.swift in Sources */ = {isa = PBXBuildFile; fileRef = 71155372266299BD00A73CD6 /* PublishedObject.swift */; };
		711553D9266552AD00A73CD6 /* WidgetKit.framework in Frameworks */ = {isa = PBXBuildFile; fileRef = 711553D8266552AD00A73CD6 /* WidgetKit.framework */; };
		711553DB266552AE00A73CD6 /* SwiftUI.framework in Frameworks */ = {isa = PBXBuildFile; fileRef = 711553DA266552AD00A73CD6 /* SwiftUI.framework */; };
		711553DE266552AE00A73CD6 /* ZeitgeistWidgets.swift in Sources */ = {isa = PBXBuildFile; fileRef = 711553DD266552AE00A73CD6 /* ZeitgeistWidgets.swift */; };
		711553E1266552AF00A73CD6 /* Assets.xcassets in Resources */ = {isa = PBXBuildFile; fileRef = 711553E0266552AF00A73CD6 /* Assets.xcassets */; };
		711553E3266552AF00A73CD6 /* ZeitgeistWidgets.intentdefinition in Sources */ = {isa = PBXBuildFile; fileRef = 711553DF266552AE00A73CD6 /* ZeitgeistWidgets.intentdefinition */; };
		711553E4266552AF00A73CD6 /* ZeitgeistWidgets.intentdefinition in Sources */ = {isa = PBXBuildFile; fileRef = 711553DF266552AE00A73CD6 /* ZeitgeistWidgets.intentdefinition */; };
		711553E7266552AF00A73CD6 /* ZeitgeistWidgetsExtension.appex in Embed App Extensions */ = {isa = PBXBuildFile; fileRef = 711553D6266552AD00A73CD6 /* ZeitgeistWidgetsExtension.appex */; settings = {ATTRIBUTES = (RemoveHeadersOnCopy, ); }; };
		711553EF266553F400A73CD6 /* Session.swift in Sources */ = {isa = PBXBuildFile; fileRef = 7115535826627B2900A73CD6 /* Session.swift */; };
		711553F02665542200A73CD6 /* AccountLoader.swift in Sources */ = {isa = PBXBuildFile; fileRef = 7115536826628B8100A73CD6 /* AccountLoader.swift */; };
		711553F12665548D00A73CD6 /* AccountViewModel.swift in Sources */ = {isa = PBXBuildFile; fileRef = 71155365266289F500A73CD6 /* AccountViewModel.swift */; };
		711553F22665549E00A73CD6 /* LoadableObject.swift in Sources */ = {isa = PBXBuildFile; fileRef = 7115536E2662948100A73CD6 /* LoadableObject.swift */; };
		711553F3266554D600A73CD6 /* KeychainItem.swift in Sources */ = {isa = PBXBuildFile; fileRef = 7115536026627F3E00A73CD6 /* KeychainItem.swift */; };
		711553F4266554F300A73CD6 /* Array.extension.swift in Sources */ = {isa = PBXBuildFile; fileRef = 71155363266282C900A73CD6 /* Array.extension.swift */; };
		711553FB26655DB000A73CD6 /* LatestDeploymentWidget.swift in Sources */ = {isa = PBXBuildFile; fileRef = 711553F926655DB000A73CD6 /* LatestDeploymentWidget.swift */; };
		711553FC26655E0C00A73CD6 /* DeploymentStateIndicator.swift in Sources */ = {isa = PBXBuildFile; fileRef = 7115537C2663AD8000A73CD6 /* DeploymentStateIndicator.swift */; };
		711553FD26655E1B00A73CD6 /* Color.extension.swift in Sources */ = {isa = PBXBuildFile; fileRef = 7115537E2663AD9B00A73CD6 /* Color.extension.swift */; };
		711553FE26655E5000A73CD6 /* Deployment.swift in Sources */ = {isa = PBXBuildFile; fileRef = 7115537826629BB900A73CD6 /* Deployment.swift */; };
		711553FF26655E5600A73CD6 /* GitCommit.swift in Sources */ = {isa = PBXBuildFile; fileRef = 7115537626629BAA00A73CD6 /* GitCommit.swift */; };
		7115540026655F3B00A73CD6 /* DeploymentsLoader.swift in Sources */ = {isa = PBXBuildFile; fileRef = 7115537426629B0C00A73CD6 /* DeploymentsLoader.swift */; };
		711A4A332667A42E00DA9EE3 /* RecentDeploymentsWidget.swift in Sources */ = {isa = PBXBuildFile; fileRef = 711A4A322667A42E00DA9EE3 /* RecentDeploymentsWidget.swift */; };
		711A4A342667AC0C00DA9EE3 /* DeploymentListRowView.swift in Sources */ = {isa = PBXBuildFile; fileRef = 7115537A2663AD2900A73CD6 /* DeploymentListRowView.swift */; };
		711A4A36266976CA00DA9EE3 /* URL.extension.swift in Sources */ = {isa = PBXBuildFile; fileRef = 711A4A35266976CA00DA9EE3 /* URL.extension.swift */; };
		711A4A372669790500DA9EE3 /* URL.extension.swift in Sources */ = {isa = PBXBuildFile; fileRef = 711A4A35266976CA00DA9EE3 /* URL.extension.swift */; };
		71611C002665667100119324 /* Intents.framework in Frameworks */ = {isa = PBXBuildFile; fileRef = 71155406266562C100A73CD6 /* Intents.framework */; };
		71611C032665667100119324 /* IntentHandler.swift in Sources */ = {isa = PBXBuildFile; fileRef = 71611C022665667100119324 /* IntentHandler.swift */; };
		71611C072665667100119324 /* SelectWidgetAccountIntent.appex in Embed App Extensions */ = {isa = PBXBuildFile; fileRef = 71611BFF2665667100119324 /* SelectWidgetAccountIntent.appex */; settings = {ATTRIBUTES = (RemoveHeadersOnCopy, ); }; };
		71F90200266567C7000A8873 /* IntentHandler.swift in Sources */ = {isa = PBXBuildFile; fileRef = 71611C022665667100119324 /* IntentHandler.swift */; };
		71F90201266567D7000A8873 /* ZeitgeistWidgets.intentdefinition in Sources */ = {isa = PBXBuildFile; fileRef = 711553DF266552AE00A73CD6 /* ZeitgeistWidgets.intentdefinition */; };
		71F9020226656813000A8873 /* AccountLoader.swift in Sources */ = {isa = PBXBuildFile; fileRef = 7115536826628B8100A73CD6 /* AccountLoader.swift */; };
		71F902032665681E000A8873 /* AccountViewModel.swift in Sources */ = {isa = PBXBuildFile; fileRef = 71155365266289F500A73CD6 /* AccountViewModel.swift */; };
		71F9020426656826000A8873 /* LoadableObject.swift in Sources */ = {isa = PBXBuildFile; fileRef = 7115536E2662948100A73CD6 /* LoadableObject.swift */; };
		71F902052665682C000A8873 /* KeychainItem.swift in Sources */ = {isa = PBXBuildFile; fileRef = 7115536026627F3E00A73CD6 /* KeychainItem.swift */; };
		71F9020626656834000A8873 /* Session.swift in Sources */ = {isa = PBXBuildFile; fileRef = 7115535826627B2900A73CD6 /* Session.swift */; };
		71F902072665683B000A8873 /* Array.extension.swift in Sources */ = {isa = PBXBuildFile; fileRef = 71155363266282C900A73CD6 /* Array.extension.swift */; };
		71F9020926656A21000A8873 /* Preferences.swift in Sources */ = {isa = PBXBuildFile; fileRef = 71F9020826656A21000A8873 /* Preferences.swift */; };
		71F9020A26656A21000A8873 /* Preferences.swift in Sources */ = {isa = PBXBuildFile; fileRef = 71F9020826656A21000A8873 /* Preferences.swift */; };
		71F9020B26656A21000A8873 /* Preferences.swift in Sources */ = {isa = PBXBuildFile; fileRef = 71F9020826656A21000A8873 /* Preferences.swift */; };
		71F9020C26656A21000A8873 /* Preferences.swift in Sources */ = {isa = PBXBuildFile; fileRef = 71F9020826656A21000A8873 /* Preferences.swift */; };
/* End PBXBuildFile section */

/* Begin PBXContainerItemProxy section */
		711553E5266552AF00A73CD6 /* PBXContainerItemProxy */ = {
			isa = PBXContainerItemProxy;
			containerPortal = 7115533B266279CF00A73CD6 /* Project object */;
			proxyType = 1;
			remoteGlobalIDString = 711553D5266552AD00A73CD6;
			remoteInfo = ZeitgeistWidgetsExtension;
		};
		71611C052665667100119324 /* PBXContainerItemProxy */ = {
			isa = PBXContainerItemProxy;
			containerPortal = 7115533B266279CF00A73CD6 /* Project object */;
			proxyType = 1;
			remoteGlobalIDString = 71611BFE2665667100119324;
			remoteInfo = SelectWidgetAccountIntent;
		};
/* End PBXContainerItemProxy section */

/* Begin PBXCopyFilesBuildPhase section */
		711553EB266552AF00A73CD6 /* Embed App Extensions */ = {
			isa = PBXCopyFilesBuildPhase;
			buildActionMask = 2147483647;
			dstPath = "";
			dstSubfolderSpec = 13;
			files = (
				71611C072665667100119324 /* SelectWidgetAccountIntent.appex in Embed App Extensions */,
				711553E7266552AF00A73CD6 /* ZeitgeistWidgetsExtension.appex in Embed App Extensions */,
			);
			name = "Embed App Extensions";
			runOnlyForDeploymentPostprocessing = 0;
		};
/* End PBXCopyFilesBuildPhase section */

/* Begin PBXFileReference section */
		71155343266279CF00A73CD6 /* Zeitgeist.app */ = {isa = PBXFileReference; explicitFileType = wrapper.application; includeInIndex = 0; path = Zeitgeist.app; sourceTree = BUILT_PRODUCTS_DIR; };
		71155346266279CF00A73CD6 /* VerdantApp.swift */ = {isa = PBXFileReference; lastKnownFileType = sourcecode.swift; path = VerdantApp.swift; sourceTree = "<group>"; };
		71155348266279CF00A73CD6 /* ContentView.swift */ = {isa = PBXFileReference; lastKnownFileType = sourcecode.swift; path = ContentView.swift; sourceTree = "<group>"; };
		7115534A266279D000A73CD6 /* Assets.xcassets */ = {isa = PBXFileReference; lastKnownFileType = folder.assetcatalog; path = Assets.xcassets; sourceTree = "<group>"; };
		7115534D266279D000A73CD6 /* Preview Assets.xcassets */ = {isa = PBXFileReference; lastKnownFileType = folder.assetcatalog; path = "Preview Assets.xcassets"; sourceTree = "<group>"; };
		7115534F266279D000A73CD6 /* Info.plist */ = {isa = PBXFileReference; lastKnownFileType = text.plist.xml; path = Info.plist; sourceTree = "<group>"; };
		7115535626627AD800A73CD6 /* SignInViewModel.swift */ = {isa = PBXFileReference; lastKnownFileType = sourcecode.swift; path = SignInViewModel.swift; sourceTree = "<group>"; };
		7115535826627B2900A73CD6 /* Session.swift */ = {isa = PBXFileReference; lastKnownFileType = sourcecode.swift; path = Session.swift; sourceTree = "<group>"; };
		7115535B26627BB900A73CD6 /* AddAccountButton.swift */ = {isa = PBXFileReference; lastKnownFileType = sourcecode.swift; path = AddAccountButton.swift; sourceTree = "<group>"; };
		7115535D26627EFE00A73CD6 /* RemoteImage.swift */ = {isa = PBXFileReference; lastKnownFileType = sourcecode.swift; path = RemoteImage.swift; sourceTree = "<group>"; };
		7115536026627F3E00A73CD6 /* KeychainItem.swift */ = {isa = PBXFileReference; lastKnownFileType = sourcecode.swift; path = KeychainItem.swift; sourceTree = "<group>"; };
		71155363266282C900A73CD6 /* Array.extension.swift */ = {isa = PBXFileReference; lastKnownFileType = sourcecode.swift; path = Array.extension.swift; sourceTree = "<group>"; };
		71155365266289F500A73CD6 /* AccountViewModel.swift */ = {isa = PBXFileReference; lastKnownFileType = sourcecode.swift; path = AccountViewModel.swift; sourceTree = "<group>"; };
		7115536826628B8100A73CD6 /* AccountLoader.swift */ = {isa = PBXFileReference; lastKnownFileType = sourcecode.swift; path = AccountLoader.swift; sourceTree = "<group>"; };
		7115536A266291BC00A73CD6 /* AccountListRowView.swift */ = {isa = PBXFileReference; lastKnownFileType = sourcecode.swift; path = AccountListRowView.swift; sourceTree = "<group>"; };
		7115536C266292AF00A73CD6 /* VercelUserAvatarView.swift */ = {isa = PBXFileReference; lastKnownFileType = sourcecode.swift; path = VercelUserAvatarView.swift; sourceTree = "<group>"; };
		7115536E2662948100A73CD6 /* LoadableObject.swift */ = {isa = PBXFileReference; lastKnownFileType = sourcecode.swift; path = LoadableObject.swift; sourceTree = "<group>"; };
		71155370266294BB00A73CD6 /* AsyncContentView.swift */ = {isa = PBXFileReference; lastKnownFileType = sourcecode.swift; path = AsyncContentView.swift; sourceTree = "<group>"; };
		71155372266299BD00A73CD6 /* PublishedObject.swift */ = {isa = PBXFileReference; lastKnownFileType = sourcecode.swift; path = PublishedObject.swift; sourceTree = "<group>"; };
		7115537426629B0C00A73CD6 /* DeploymentsLoader.swift */ = {isa = PBXFileReference; lastKnownFileType = sourcecode.swift; path = DeploymentsLoader.swift; sourceTree = "<group>"; };
		7115537626629BAA00A73CD6 /* GitCommit.swift */ = {isa = PBXFileReference; lastKnownFileType = sourcecode.swift; path = GitCommit.swift; sourceTree = "<group>"; };
		7115537826629BB900A73CD6 /* Deployment.swift */ = {isa = PBXFileReference; lastKnownFileType = sourcecode.swift; path = Deployment.swift; sourceTree = "<group>"; };
		7115537A2663AD2900A73CD6 /* DeploymentListRowView.swift */ = {isa = PBXFileReference; lastKnownFileType = sourcecode.swift; path = DeploymentListRowView.swift; sourceTree = "<group>"; };
		7115537C2663AD8000A73CD6 /* DeploymentStateIndicator.swift */ = {isa = PBXFileReference; lastKnownFileType = sourcecode.swift; path = DeploymentStateIndicator.swift; sourceTree = "<group>"; };
		7115537E2663AD9B00A73CD6 /* Color.extension.swift */ = {isa = PBXFileReference; lastKnownFileType = sourcecode.swift; path = Color.extension.swift; sourceTree = "<group>"; };
		711553802663AE0900A73CD6 /* DeploymentListView.swift */ = {isa = PBXFileReference; lastKnownFileType = sourcecode.swift; path = DeploymentListView.swift; sourceTree = "<group>"; };
		711553822663AE5F00A73CD6 /* DeploymentsViewModel.swift */ = {isa = PBXFileReference; lastKnownFileType = sourcecode.swift; path = DeploymentsViewModel.swift; sourceTree = "<group>"; };
		711553842663B00B00A73CD6 /* AccountListView.swift */ = {isa = PBXFileReference; lastKnownFileType = sourcecode.swift; path = AccountListView.swift; sourceTree = "<group>"; };
		711553862663B03C00A73CD6 /* PlaceholderView.swift */ = {isa = PBXFileReference; lastKnownFileType = sourcecode.swift; path = PlaceholderView.swift; sourceTree = "<group>"; };
		7115538826642A5100A73CD6 /* DeploymentDetailView.swift */ = {isa = PBXFileReference; lastKnownFileType = sourcecode.swift; path = DeploymentDetailView.swift; sourceTree = "<group>"; };
		7115538C2664E00A00A73CD6 /* DeploymentDetailLabel.swift */ = {isa = PBXFileReference; lastKnownFileType = sourcecode.swift; path = DeploymentDetailLabel.swift; sourceTree = "<group>"; };
		7115538E2664E1B400A73CD6 /* GitProviderImage.swift */ = {isa = PBXFileReference; lastKnownFileType = sourcecode.swift; path = GitProviderImage.swift; sourceTree = "<group>"; };
		711553902664E37F00A73CD6 /* AliasesLoader.swift */ = {isa = PBXFileReference; lastKnownFileType = sourcecode.swift; path = AliasesLoader.swift; sourceTree = "<group>"; };
		711553922664E46400A73CD6 /* AliasesViewModel.swift */ = {isa = PBXFileReference; lastKnownFileType = sourcecode.swift; path = AliasesViewModel.swift; sourceTree = "<group>"; };
		711553982665197100A73CD6 /* Zeitgeist.entitlements */ = {isa = PBXFileReference; lastKnownFileType = text.plist.entitlements; path = Zeitgeist.entitlements; sourceTree = "<group>"; };
		7115539B26653CA000A73CD6 /* DeploymentFilterView.swift */ = {isa = PBXFileReference; lastKnownFileType = sourcecode.swift; path = DeploymentFilterView.swift; sourceTree = "<group>"; };
		711553A1266548BD00A73CD6 /* Zeitgeist (macOS).app */ = {isa = PBXFileReference; explicitFileType = wrapper.application; includeInIndex = 0; path = "Zeitgeist (macOS).app"; sourceTree = BUILT_PRODUCTS_DIR; };
		711553A3266548BD00A73CD6 /* ZeitgeistApp.swift */ = {isa = PBXFileReference; lastKnownFileType = sourcecode.swift; path = ZeitgeistApp.swift; sourceTree = "<group>"; };
		711553A7266548BD00A73CD6 /* Assets.xcassets */ = {isa = PBXFileReference; lastKnownFileType = folder.assetcatalog; path = Assets.xcassets; sourceTree = "<group>"; };
		711553AA266548BD00A73CD6 /* Preview Assets.xcassets */ = {isa = PBXFileReference; lastKnownFileType = folder.assetcatalog; path = "Preview Assets.xcassets"; sourceTree = "<group>"; };
		711553AC266548BD00A73CD6 /* Info.plist */ = {isa = PBXFileReference; lastKnownFileType = text.plist.xml; path = Info.plist; sourceTree = "<group>"; };
		711553AD266548BD00A73CD6 /* Zeitgeist.entitlements */ = {isa = PBXFileReference; lastKnownFileType = text.plist.entitlements; path = Zeitgeist.entitlements; sourceTree = "<group>"; };
		711553D6266552AD00A73CD6 /* ZeitgeistWidgetsExtension.appex */ = {isa = PBXFileReference; explicitFileType = "wrapper.app-extension"; includeInIndex = 0; path = ZeitgeistWidgetsExtension.appex; sourceTree = BUILT_PRODUCTS_DIR; };
		711553D8266552AD00A73CD6 /* WidgetKit.framework */ = {isa = PBXFileReference; lastKnownFileType = wrapper.framework; name = WidgetKit.framework; path = System/Library/Frameworks/WidgetKit.framework; sourceTree = SDKROOT; };
		711553DA266552AD00A73CD6 /* SwiftUI.framework */ = {isa = PBXFileReference; lastKnownFileType = wrapper.framework; name = SwiftUI.framework; path = System/Library/Frameworks/SwiftUI.framework; sourceTree = SDKROOT; };
		711553DD266552AE00A73CD6 /* ZeitgeistWidgets.swift */ = {isa = PBXFileReference; lastKnownFileType = sourcecode.swift; path = ZeitgeistWidgets.swift; sourceTree = "<group>"; };
		711553DF266552AE00A73CD6 /* ZeitgeistWidgets.intentdefinition */ = {isa = PBXFileReference; lastKnownFileType = file.intentdefinition; path = ZeitgeistWidgets.intentdefinition; sourceTree = "<group>"; };
		711553E0266552AF00A73CD6 /* Assets.xcassets */ = {isa = PBXFileReference; lastKnownFileType = folder.assetcatalog; path = Assets.xcassets; sourceTree = "<group>"; };
		711553E2266552AF00A73CD6 /* Info.plist */ = {isa = PBXFileReference; lastKnownFileType = text.plist.xml; path = Info.plist; sourceTree = "<group>"; };
		711553F82665584400A73CD6 /* ZeitgeistWidgetsExtension.entitlements */ = {isa = PBXFileReference; lastKnownFileType = text.plist.entitlements; path = ZeitgeistWidgetsExtension.entitlements; sourceTree = "<group>"; };
		711553F926655DB000A73CD6 /* LatestDeploymentWidget.swift */ = {isa = PBXFileReference; lastKnownFileType = sourcecode.swift; path = LatestDeploymentWidget.swift; sourceTree = "<group>"; };
		71155406266562C100A73CD6 /* Intents.framework */ = {isa = PBXFileReference; lastKnownFileType = wrapper.framework; name = Intents.framework; path = System/Library/Frameworks/Intents.framework; sourceTree = SDKROOT; };
		711A4A322667A42E00DA9EE3 /* RecentDeploymentsWidget.swift */ = {isa = PBXFileReference; lastKnownFileType = sourcecode.swift; path = RecentDeploymentsWidget.swift; sourceTree = "<group>"; };
		711A4A35266976CA00DA9EE3 /* URL.extension.swift */ = {isa = PBXFileReference; lastKnownFileType = sourcecode.swift; path = URL.extension.swift; sourceTree = "<group>"; };
		71611BFF2665667100119324 /* SelectWidgetAccountIntent.appex */ = {isa = PBXFileReference; explicitFileType = "wrapper.app-extension"; includeInIndex = 0; path = SelectWidgetAccountIntent.appex; sourceTree = BUILT_PRODUCTS_DIR; };
		71611C022665667100119324 /* IntentHandler.swift */ = {isa = PBXFileReference; lastKnownFileType = sourcecode.swift; path = IntentHandler.swift; sourceTree = "<group>"; };
		71611C042665667100119324 /* Info.plist */ = {isa = PBXFileReference; lastKnownFileType = text.plist.xml; path = Info.plist; sourceTree = "<group>"; };
		71F901FE266566FB000A8873 /* SelectWidgetAccountIntent.entitlements */ = {isa = PBXFileReference; lastKnownFileType = text.plist.entitlements; path = SelectWidgetAccountIntent.entitlements; sourceTree = "<group>"; };
		71F9020826656A21000A8873 /* Preferences.swift */ = {isa = PBXFileReference; lastKnownFileType = sourcecode.swift; path = Preferences.swift; sourceTree = "<group>"; };
/* End PBXFileReference section */

/* Begin PBXFrameworksBuildPhase section */
		71155340266279CF00A73CD6 /* Frameworks */ = {
			isa = PBXFrameworksBuildPhase;
			buildActionMask = 2147483647;
			files = (
			);
			runOnlyForDeploymentPostprocessing = 0;
		};
		7115539E266548BD00A73CD6 /* Frameworks */ = {
			isa = PBXFrameworksBuildPhase;
			buildActionMask = 2147483647;
			files = (
			);
			runOnlyForDeploymentPostprocessing = 0;
		};
		711553D3266552AD00A73CD6 /* Frameworks */ = {
			isa = PBXFrameworksBuildPhase;
			buildActionMask = 2147483647;
			files = (
				711553DB266552AE00A73CD6 /* SwiftUI.framework in Frameworks */,
				711553D9266552AD00A73CD6 /* WidgetKit.framework in Frameworks */,
			);
			runOnlyForDeploymentPostprocessing = 0;
		};
		71611BFC2665667100119324 /* Frameworks */ = {
			isa = PBXFrameworksBuildPhase;
			buildActionMask = 2147483647;
			files = (
				71611C002665667100119324 /* Intents.framework in Frameworks */,
			);
			runOnlyForDeploymentPostprocessing = 0;
		};
/* End PBXFrameworksBuildPhase section */

/* Begin PBXGroup section */
		7115533A266279CF00A73CD6 = {
			isa = PBXGroup;
			children = (
				71155345266279CF00A73CD6 /* iOS */,
				711553A2266548BD00A73CD6 /* Zeitgeist */,
				711553DC266552AE00A73CD6 /* ZeitgeistWidgets */,
				71611C012665667100119324 /* SelectWidgetAccountIntent */,
				711553D7266552AD00A73CD6 /* Frameworks */,
				71155344266279CF00A73CD6 /* Products */,
			);
			sourceTree = "<group>";
		};
		71155344266279CF00A73CD6 /* Products */ = {
			isa = PBXGroup;
			children = (
				71155343266279CF00A73CD6 /* Zeitgeist.app */,
				711553A1266548BD00A73CD6 /* Zeitgeist (macOS).app */,
				711553D6266552AD00A73CD6 /* ZeitgeistWidgetsExtension.appex */,
				71611BFF2665667100119324 /* SelectWidgetAccountIntent.appex */,
			);
			name = Products;
			sourceTree = "<group>";
		};
		71155345266279CF00A73CD6 /* iOS */ = {
			isa = PBXGroup;
			children = (
				711553982665197100A73CD6 /* Zeitgeist.entitlements */,
				7115534F266279D000A73CD6 /* Info.plist */,
				7115536A266291BC00A73CD6 /* AccountListRowView.swift */,
				711553842663B00B00A73CD6 /* AccountListView.swift */,
				71155348266279CF00A73CD6 /* ContentView.swift */,
				7115538C2664E00A00A73CD6 /* DeploymentDetailLabel.swift */,
				7115538826642A5100A73CD6 /* DeploymentDetailView.swift */,
				7115537A2663AD2900A73CD6 /* DeploymentListRowView.swift */,
				711553802663AE0900A73CD6 /* DeploymentListView.swift */,
				7115537C2663AD8000A73CD6 /* DeploymentStateIndicator.swift */,
				7115539B26653CA000A73CD6 /* DeploymentFilterView.swift */,
				711553862663B03C00A73CD6 /* PlaceholderView.swift */,
				71155346266279CF00A73CD6 /* VerdantApp.swift */,
				7115534A266279D000A73CD6 /* Assets.xcassets */,
				71155362266282BE00A73CD6 /* Extensions */,
				7115535A26627BA800A73CD6 /* Helper Views */,
				7115535F26627F3400A73CD6 /* Helpers */,
				7115535526627ACD00A73CD6 /* Models */,
				7115536726628B7400A73CD6 /* Networking */,
				7115534C266279D000A73CD6 /* Preview Content */,
			);
			path = iOS;
			sourceTree = "<group>";
		};
		7115534C266279D000A73CD6 /* Preview Content */ = {
			isa = PBXGroup;
			children = (
				7115534D266279D000A73CD6 /* Preview Assets.xcassets */,
			);
			path = "Preview Content";
			sourceTree = "<group>";
		};
		7115535526627ACD00A73CD6 /* Models */ = {
			isa = PBXGroup;
			children = (
				71155365266289F500A73CD6 /* AccountViewModel.swift */,
				711553922664E46400A73CD6 /* AliasesViewModel.swift */,
				7115537826629BB900A73CD6 /* Deployment.swift */,
				711553822663AE5F00A73CD6 /* DeploymentsViewModel.swift */,
				7115537626629BAA00A73CD6 /* GitCommit.swift */,
				7115535826627B2900A73CD6 /* Session.swift */,
				7115535626627AD800A73CD6 /* SignInViewModel.swift */,
			);
			path = Models;
			sourceTree = "<group>";
		};
		7115535A26627BA800A73CD6 /* Helper Views */ = {
			isa = PBXGroup;
			children = (
				7115535B26627BB900A73CD6 /* AddAccountButton.swift */,
				71155370266294BB00A73CD6 /* AsyncContentView.swift */,
				7115538E2664E1B400A73CD6 /* GitProviderImage.swift */,
				7115535D26627EFE00A73CD6 /* RemoteImage.swift */,
				7115536C266292AF00A73CD6 /* VercelUserAvatarView.swift */,
			);
			path = "Helper Views";
			sourceTree = "<group>";
		};
		7115535F26627F3400A73CD6 /* Helpers */ = {
			isa = PBXGroup;
			children = (
				7115536026627F3E00A73CD6 /* KeychainItem.swift */,
				71F9020826656A21000A8873 /* Preferences.swift */,
			);
			path = Helpers;
			sourceTree = "<group>";
		};
		71155362266282BE00A73CD6 /* Extensions */ = {
			isa = PBXGroup;
			children = (
				71155363266282C900A73CD6 /* Array.extension.swift */,
				7115537E2663AD9B00A73CD6 /* Color.extension.swift */,
				711A4A35266976CA00DA9EE3 /* URL.extension.swift */,
			);
			path = Extensions;
			sourceTree = "<group>";
		};
		7115536726628B7400A73CD6 /* Networking */ = {
			isa = PBXGroup;
			children = (
				7115536826628B8100A73CD6 /* AccountLoader.swift */,
				711553902664E37F00A73CD6 /* AliasesLoader.swift */,
				7115537426629B0C00A73CD6 /* DeploymentsLoader.swift */,
				7115536E2662948100A73CD6 /* LoadableObject.swift */,
				71155372266299BD00A73CD6 /* PublishedObject.swift */,
			);
			path = Networking;
			sourceTree = "<group>";
		};
		711553A2266548BD00A73CD6 /* Zeitgeist */ = {
			isa = PBXGroup;
			children = (
				711553A3266548BD00A73CD6 /* ZeitgeistApp.swift */,
				711553A7266548BD00A73CD6 /* Assets.xcassets */,
				711553AC266548BD00A73CD6 /* Info.plist */,
				711553AD266548BD00A73CD6 /* Zeitgeist.entitlements */,
				711553A9266548BD00A73CD6 /* Preview Content */,
			);
			path = Zeitgeist;
			sourceTree = "<group>";
		};
		711553A9266548BD00A73CD6 /* Preview Content */ = {
			isa = PBXGroup;
			children = (
				711553AA266548BD00A73CD6 /* Preview Assets.xcassets */,
			);
			path = "Preview Content";
			sourceTree = "<group>";
		};
		711553D7266552AD00A73CD6 /* Frameworks */ = {
			isa = PBXGroup;
			children = (
				711553D8266552AD00A73CD6 /* WidgetKit.framework */,
				711553DA266552AD00A73CD6 /* SwiftUI.framework */,
				71155406266562C100A73CD6 /* Intents.framework */,
			);
			name = Frameworks;
			sourceTree = "<group>";
		};
		711553DC266552AE00A73CD6 /* ZeitgeistWidgets */ = {
			isa = PBXGroup;
			children = (
				711553F82665584400A73CD6 /* ZeitgeistWidgetsExtension.entitlements */,
				711553DD266552AE00A73CD6 /* ZeitgeistWidgets.swift */,
				711553DF266552AE00A73CD6 /* ZeitgeistWidgets.intentdefinition */,
				711553E0266552AF00A73CD6 /* Assets.xcassets */,
				711553E2266552AF00A73CD6 /* Info.plist */,
				711553F926655DB000A73CD6 /* LatestDeploymentWidget.swift */,
				711A4A322667A42E00DA9EE3 /* RecentDeploymentsWidget.swift */,
			);
			path = ZeitgeistWidgets;
			sourceTree = "<group>";
		};
		71611C012665667100119324 /* SelectWidgetAccountIntent */ = {
			isa = PBXGroup;
			children = (
				71F901FE266566FB000A8873 /* SelectWidgetAccountIntent.entitlements */,
				71611C022665667100119324 /* IntentHandler.swift */,
				71611C042665667100119324 /* Info.plist */,
			);
			path = SelectWidgetAccountIntent;
			sourceTree = "<group>";
		};
/* End PBXGroup section */

/* Begin PBXNativeTarget section */
		71155342266279CF00A73CD6 /* Zeitgeist */ = {
			isa = PBXNativeTarget;
			buildConfigurationList = 71155352266279D000A73CD6 /* Build configuration list for PBXNativeTarget "Zeitgeist" */;
			buildPhases = (
				7115533F266279CF00A73CD6 /* Sources */,
				71155340266279CF00A73CD6 /* Frameworks */,
				71155341266279CF00A73CD6 /* Resources */,
				711553EB266552AF00A73CD6 /* Embed App Extensions */,
			);
			buildRules = (
			);
			dependencies = (
				711553E6266552AF00A73CD6 /* PBXTargetDependency */,
				71611C062665667100119324 /* PBXTargetDependency */,
			);
			name = Zeitgeist;
			productName = Verdant;
			productReference = 71155343266279CF00A73CD6 /* Zeitgeist.app */;
			productType = "com.apple.product-type.application";
		};
		711553A0266548BD00A73CD6 /* Zeitgeist (macOS) */ = {
			isa = PBXNativeTarget;
			buildConfigurationList = 711553AE266548BD00A73CD6 /* Build configuration list for PBXNativeTarget "Zeitgeist (macOS)" */;
			buildPhases = (
				7115539D266548BD00A73CD6 /* Sources */,
				7115539E266548BD00A73CD6 /* Frameworks */,
				7115539F266548BD00A73CD6 /* Resources */,
			);
			buildRules = (
			);
			dependencies = (
			);
			name = "Zeitgeist (macOS)";
			productName = Zeitgeist;
			productReference = 711553A1266548BD00A73CD6 /* Zeitgeist (macOS).app */;
			productType = "com.apple.product-type.application";
		};
		711553D5266552AD00A73CD6 /* ZeitgeistWidgetsExtension */ = {
			isa = PBXNativeTarget;
			buildConfigurationList = 711553E8266552AF00A73CD6 /* Build configuration list for PBXNativeTarget "ZeitgeistWidgetsExtension" */;
			buildPhases = (
				711553D2266552AD00A73CD6 /* Sources */,
				711553D3266552AD00A73CD6 /* Frameworks */,
				711553D4266552AD00A73CD6 /* Resources */,
			);
			buildRules = (
			);
			dependencies = (
			);
			name = ZeitgeistWidgetsExtension;
			productName = ZeitgeistWidgetsExtension;
			productReference = 711553D6266552AD00A73CD6 /* ZeitgeistWidgetsExtension.appex */;
			productType = "com.apple.product-type.app-extension";
		};
		71611BFE2665667100119324 /* SelectWidgetAccountIntent */ = {
			isa = PBXNativeTarget;
			buildConfigurationList = 71611C082665667100119324 /* Build configuration list for PBXNativeTarget "SelectWidgetAccountIntent" */;
			buildPhases = (
				71611BFB2665667100119324 /* Sources */,
				71611BFC2665667100119324 /* Frameworks */,
				71611BFD2665667100119324 /* Resources */,
			);
			buildRules = (
			);
			dependencies = (
			);
			name = SelectWidgetAccountIntent;
			productName = SelectWidgetAccountIntent;
			productReference = 71611BFF2665667100119324 /* SelectWidgetAccountIntent.appex */;
			productType = "com.apple.product-type.app-extension";
		};
/* End PBXNativeTarget section */

/* Begin PBXProject section */
		7115533B266279CF00A73CD6 /* Project object */ = {
			isa = PBXProject;
			attributes = {
				LastSwiftUpdateCheck = 1250;
				LastUpgradeCheck = 1250;
				TargetAttributes = {
					71155342266279CF00A73CD6 = {
						CreatedOnToolsVersion = 12.5;
					};
					711553A0266548BD00A73CD6 = {
						CreatedOnToolsVersion = 12.5;
					};
					711553D5266552AD00A73CD6 = {
						CreatedOnToolsVersion = 12.5;
					};
					71611BFE2665667100119324 = {
						CreatedOnToolsVersion = 12.5;
					};
				};
			};
			buildConfigurationList = 7115533E266279CF00A73CD6 /* Build configuration list for PBXProject "Zeitgeist" */;
			compatibilityVersion = "Xcode 9.3";
			developmentRegion = en;
			hasScannedForEncodings = 0;
			knownRegions = (
				en,
				Base,
			);
			mainGroup = 7115533A266279CF00A73CD6;
			productRefGroup = 71155344266279CF00A73CD6 /* Products */;
			projectDirPath = "";
			projectRoot = "";
			targets = (
				71155342266279CF00A73CD6 /* Zeitgeist */,
				711553A0266548BD00A73CD6 /* Zeitgeist (macOS) */,
				711553D5266552AD00A73CD6 /* ZeitgeistWidgetsExtension */,
				71611BFE2665667100119324 /* SelectWidgetAccountIntent */,
			);
		};
/* End PBXProject section */

/* Begin PBXResourcesBuildPhase section */
		71155341266279CF00A73CD6 /* Resources */ = {
			isa = PBXResourcesBuildPhase;
			buildActionMask = 2147483647;
			files = (
				7115534E266279D000A73CD6 /* Preview Assets.xcassets in Resources */,
				7115534B266279D000A73CD6 /* Assets.xcassets in Resources */,
			);
			runOnlyForDeploymentPostprocessing = 0;
		};
		7115539F266548BD00A73CD6 /* Resources */ = {
			isa = PBXResourcesBuildPhase;
			buildActionMask = 2147483647;
			files = (
				711553AB266548BD00A73CD6 /* Preview Assets.xcassets in Resources */,
				711553BE2665490100A73CD6 /* Assets.xcassets in Resources */,
				711553A8266548BD00A73CD6 /* Assets.xcassets in Resources */,
			);
			runOnlyForDeploymentPostprocessing = 0;
		};
		711553D4266552AD00A73CD6 /* Resources */ = {
			isa = PBXResourcesBuildPhase;
			buildActionMask = 2147483647;
			files = (
				711553E1266552AF00A73CD6 /* Assets.xcassets in Resources */,
			);
			runOnlyForDeploymentPostprocessing = 0;
		};
		71611BFD2665667100119324 /* Resources */ = {
			isa = PBXResourcesBuildPhase;
			buildActionMask = 2147483647;
			files = (
			);
			runOnlyForDeploymentPostprocessing = 0;
		};
/* End PBXResourcesBuildPhase section */

/* Begin PBXSourcesBuildPhase section */
		7115533F266279CF00A73CD6 /* Sources */ = {
			isa = PBXSourcesBuildPhase;
			buildActionMask = 2147483647;
			files = (
				7115537F2663AD9B00A73CD6 /* Color.extension.swift in Sources */,
				7115538F2664E1B400A73CD6 /* GitProviderImage.swift in Sources */,
				711553832663AE5F00A73CD6 /* DeploymentsViewModel.swift in Sources */,
				7115536126627F3E00A73CD6 /* KeychainItem.swift in Sources */,
				7115536F2662948100A73CD6 /* LoadableObject.swift in Sources */,
				7115535926627B2900A73CD6 /* Session.swift in Sources */,
				71155364266282C900A73CD6 /* Array.extension.swift in Sources */,
				7115538D2664E00A00A73CD6 /* DeploymentDetailLabel.swift in Sources */,
				7115535C26627BB900A73CD6 /* AddAccountButton.swift in Sources */,
				711553912664E37F00A73CD6 /* AliasesLoader.swift in Sources */,
				7115536926628B8100A73CD6 /* AccountLoader.swift in Sources */,
				71155373266299BD00A73CD6 /* PublishedObject.swift in Sources */,
				7115539C26653CA000A73CD6 /* DeploymentFilterView.swift in Sources */,
				71155366266289F500A73CD6 /* AccountViewModel.swift in Sources */,
				7115537726629BAA00A73CD6 /* GitCommit.swift in Sources */,
				7115537B2663AD2900A73CD6 /* DeploymentListRowView.swift in Sources */,
				711553852663B00B00A73CD6 /* AccountListView.swift in Sources */,
				711553812663AE0900A73CD6 /* DeploymentListView.swift in Sources */,
				71155349266279CF00A73CD6 /* ContentView.swift in Sources */,
				7115537926629BB900A73CD6 /* Deployment.swift in Sources */,
				7115537D2663AD8000A73CD6 /* DeploymentStateIndicator.swift in Sources */,
				711553E4266552AF00A73CD6 /* ZeitgeistWidgets.intentdefinition in Sources */,
				7115536D266292AF00A73CD6 /* VercelUserAvatarView.swift in Sources */,
				711553872663B03C00A73CD6 /* PlaceholderView.swift in Sources */,
				71155371266294BB00A73CD6 /* AsyncContentView.swift in Sources */,
				7115535E26627EFE00A73CD6 /* RemoteImage.swift in Sources */,
				7115536B266291BC00A73CD6 /* AccountListRowView.swift in Sources */,
				7115538926642A5100A73CD6 /* DeploymentDetailView.swift in Sources */,
				7115537526629B0C00A73CD6 /* DeploymentsLoader.swift in Sources */,
				71F9020926656A21000A8873 /* Preferences.swift in Sources */,
				71155347266279CF00A73CD6 /* VerdantApp.swift in Sources */,
				7115535726627AD800A73CD6 /* SignInViewModel.swift in Sources */,
				711A4A372669790500DA9EE3 /* URL.extension.swift in Sources */,
				711553932664E46400A73CD6 /* AliasesViewModel.swift in Sources */,
			);
			runOnlyForDeploymentPostprocessing = 0;
		};
		7115539D266548BD00A73CD6 /* Sources */ = {
			isa = PBXSourcesBuildPhase;
			buildActionMask = 2147483647;
			files = (
				711553BC266548F400A73CD6 /* Color.extension.swift in Sources */,
				711553B9266548E400A73CD6 /* DeploymentListView.swift in Sources */,
				711553B4266548E400A73CD6 /* AccountListView.swift in Sources */,
				711553CD2665491700A73CD6 /* DeploymentsLoader.swift in Sources */,
				711553B2266548E400A73CD6 /* VerdantApp.swift in Sources */,
				711553C02665490800A73CD6 /* AddAccountButton.swift in Sources */,
				711553C22665490800A73CD6 /* RemoteImage.swift in Sources */,
				711553CF2665491700A73CD6 /* AliasesLoader.swift in Sources */,
				711553B5266548E400A73CD6 /* ContentView.swift in Sources */,
				711553C32665490800A73CD6 /* GitProviderImage.swift in Sources */,
				711553C12665490800A73CD6 /* AsyncContentView.swift in Sources */,
				711553B3266548E400A73CD6 /* AccountListRowView.swift in Sources */,
				711553BD266548F400A73CD6 /* Array.extension.swift in Sources */,
				711553B6266548E400A73CD6 /* DeploymentListRowView.swift in Sources */,
				711553CE2665491700A73CD6 /* AccountLoader.swift in Sources */,
				711553CB2665491300A73CD6 /* AliasesViewModel.swift in Sources */,
				711553B7266548E400A73CD6 /* DeploymentStateIndicator.swift in Sources */,
				711553C52665490E00A73CD6 /* KeychainItem.swift in Sources */,
				711553CA2665491300A73CD6 /* Session.swift in Sources */,
				711553BB266548E400A73CD6 /* DeploymentDetailLabel.swift in Sources */,
				711553B8266548E400A73CD6 /* DeploymentDetailView.swift in Sources */,
				711553B1266548E400A73CD6 /* PlaceholderView.swift in Sources */,
				711553D12665491700A73CD6 /* PublishedObject.swift in Sources */,
				711553C72665491300A73CD6 /* SignInViewModel.swift in Sources */,
				711553C62665491300A73CD6 /* DeploymentsViewModel.swift in Sources */,
				711553BA266548E400A73CD6 /* DeploymentFilterView.swift in Sources */,
				711553C82665491300A73CD6 /* Deployment.swift in Sources */,
				711553C92665491300A73CD6 /* AccountViewModel.swift in Sources */,
				711553CC2665491300A73CD6 /* GitCommit.swift in Sources */,
				711553BF2665490800A73CD6 /* VercelUserAvatarView.swift in Sources */,
				71F9020A26656A21000A8873 /* Preferences.swift in Sources */,
				711553D02665491700A73CD6 /* LoadableObject.swift in Sources */,
			);
			runOnlyForDeploymentPostprocessing = 0;
		};
		711553D2266552AD00A73CD6 /* Sources */ = {
			isa = PBXSourcesBuildPhase;
			buildActionMask = 2147483647;
			files = (
				711A4A36266976CA00DA9EE3 /* URL.extension.swift in Sources */,
				711553F3266554D600A73CD6 /* KeychainItem.swift in Sources */,
				71F90200266567C7000A8873 /* IntentHandler.swift in Sources */,
				711553EF266553F400A73CD6 /* Session.swift in Sources */,
				711553FC26655E0C00A73CD6 /* DeploymentStateIndicator.swift in Sources */,
				7115540026655F3B00A73CD6 /* DeploymentsLoader.swift in Sources */,
				711553F4266554F300A73CD6 /* Array.extension.swift in Sources */,
				711553F12665548D00A73CD6 /* AccountViewModel.swift in Sources */,
				711553F22665549E00A73CD6 /* LoadableObject.swift in Sources */,
				711553FD26655E1B00A73CD6 /* Color.extension.swift in Sources */,
				711553FB26655DB000A73CD6 /* LatestDeploymentWidget.swift in Sources */,
				711553DE266552AE00A73CD6 /* ZeitgeistWidgets.swift in Sources */,
				711553E3266552AF00A73CD6 /* ZeitgeistWidgets.intentdefinition in Sources */,
				711A4A342667AC0C00DA9EE3 /* DeploymentListRowView.swift in Sources */,
				711553FE26655E5000A73CD6 /* Deployment.swift in Sources */,
				711553F02665542200A73CD6 /* AccountLoader.swift in Sources */,
				711A4A332667A42E00DA9EE3 /* RecentDeploymentsWidget.swift in Sources */,
				71F9020B26656A21000A8873 /* Preferences.swift in Sources */,
				711553FF26655E5600A73CD6 /* GitCommit.swift in Sources */,
			);
			runOnlyForDeploymentPostprocessing = 0;
		};
		71611BFB2665667100119324 /* Sources */ = {
			isa = PBXSourcesBuildPhase;
			buildActionMask = 2147483647;
			files = (
				71F9020626656834000A8873 /* Session.swift in Sources */,
				71611C032665667100119324 /* IntentHandler.swift in Sources */,
				71F902072665683B000A8873 /* Array.extension.swift in Sources */,
				71F9020226656813000A8873 /* AccountLoader.swift in Sources */,
				71F902052665682C000A8873 /* KeychainItem.swift in Sources */,
				71F902032665681E000A8873 /* AccountViewModel.swift in Sources */,
				71F90201266567D7000A8873 /* ZeitgeistWidgets.intentdefinition in Sources */,
				71F9020426656826000A8873 /* LoadableObject.swift in Sources */,
				71F9020C26656A21000A8873 /* Preferences.swift in Sources */,
			);
			runOnlyForDeploymentPostprocessing = 0;
		};
/* End PBXSourcesBuildPhase section */

/* Begin PBXTargetDependency section */
		711553E6266552AF00A73CD6 /* PBXTargetDependency */ = {
			isa = PBXTargetDependency;
			target = 711553D5266552AD00A73CD6 /* ZeitgeistWidgetsExtension */;
			targetProxy = 711553E5266552AF00A73CD6 /* PBXContainerItemProxy */;
		};
		71611C062665667100119324 /* PBXTargetDependency */ = {
			isa = PBXTargetDependency;
			target = 71611BFE2665667100119324 /* SelectWidgetAccountIntent */;
			targetProxy = 71611C052665667100119324 /* PBXContainerItemProxy */;
		};
/* End PBXTargetDependency section */

/* Begin XCBuildConfiguration section */
		71155350266279D000A73CD6 /* Debug */ = {
			isa = XCBuildConfiguration;
			buildSettings = {
				ALWAYS_SEARCH_USER_PATHS = NO;
				CLANG_ANALYZER_NONNULL = YES;
				CLANG_ANALYZER_NUMBER_OBJECT_CONVERSION = YES_AGGRESSIVE;
				CLANG_CXX_LANGUAGE_STANDARD = "gnu++14";
				CLANG_CXX_LIBRARY = "libc++";
				CLANG_ENABLE_MODULES = YES;
				CLANG_ENABLE_OBJC_ARC = YES;
				CLANG_ENABLE_OBJC_WEAK = YES;
				CLANG_WARN_BLOCK_CAPTURE_AUTORELEASING = YES;
				CLANG_WARN_BOOL_CONVERSION = YES;
				CLANG_WARN_COMMA = YES;
				CLANG_WARN_CONSTANT_CONVERSION = YES;
				CLANG_WARN_DEPRECATED_OBJC_IMPLEMENTATIONS = YES;
				CLANG_WARN_DIRECT_OBJC_ISA_USAGE = YES_ERROR;
				CLANG_WARN_DOCUMENTATION_COMMENTS = YES;
				CLANG_WARN_EMPTY_BODY = YES;
				CLANG_WARN_ENUM_CONVERSION = YES;
				CLANG_WARN_INFINITE_RECURSION = YES;
				CLANG_WARN_INT_CONVERSION = YES;
				CLANG_WARN_NON_LITERAL_NULL_CONVERSION = YES;
				CLANG_WARN_OBJC_IMPLICIT_RETAIN_SELF = YES;
				CLANG_WARN_OBJC_LITERAL_CONVERSION = YES;
				CLANG_WARN_OBJC_ROOT_CLASS = YES_ERROR;
				CLANG_WARN_QUOTED_INCLUDE_IN_FRAMEWORK_HEADER = YES;
				CLANG_WARN_RANGE_LOOP_ANALYSIS = YES;
				CLANG_WARN_STRICT_PROTOTYPES = YES;
				CLANG_WARN_SUSPICIOUS_MOVE = YES;
				CLANG_WARN_UNGUARDED_AVAILABILITY = YES_AGGRESSIVE;
				CLANG_WARN_UNREACHABLE_CODE = YES;
				CLANG_WARN__DUPLICATE_METHOD_MATCH = YES;
				COPY_PHASE_STRIP = NO;
				DEBUG_INFORMATION_FORMAT = dwarf;
				ENABLE_STRICT_OBJC_MSGSEND = YES;
				ENABLE_TESTABILITY = YES;
				GCC_C_LANGUAGE_STANDARD = gnu11;
				GCC_DYNAMIC_NO_PIC = NO;
				GCC_NO_COMMON_BLOCKS = YES;
				GCC_OPTIMIZATION_LEVEL = 0;
				GCC_PREPROCESSOR_DEFINITIONS = (
					"DEBUG=1",
					"$(inherited)",
				);
				GCC_WARN_64_TO_32_BIT_CONVERSION = YES;
				GCC_WARN_ABOUT_RETURN_TYPE = YES_ERROR;
				GCC_WARN_UNDECLARED_SELECTOR = YES;
				GCC_WARN_UNINITIALIZED_AUTOS = YES_AGGRESSIVE;
				GCC_WARN_UNUSED_FUNCTION = YES;
				GCC_WARN_UNUSED_VARIABLE = YES;
				IPHONEOS_DEPLOYMENT_TARGET = 14.5;
				MTL_ENABLE_DEBUG_INFO = INCLUDE_SOURCE;
				MTL_FAST_MATH = YES;
				ONLY_ACTIVE_ARCH = YES;
				SDKROOT = iphoneos;
				SWIFT_ACTIVE_COMPILATION_CONDITIONS = DEBUG;
				SWIFT_OPTIMIZATION_LEVEL = "-Onone";
			};
			name = Debug;
		};
		71155351266279D000A73CD6 /* Release */ = {
			isa = XCBuildConfiguration;
			buildSettings = {
				ALWAYS_SEARCH_USER_PATHS = NO;
				CLANG_ANALYZER_NONNULL = YES;
				CLANG_ANALYZER_NUMBER_OBJECT_CONVERSION = YES_AGGRESSIVE;
				CLANG_CXX_LANGUAGE_STANDARD = "gnu++14";
				CLANG_CXX_LIBRARY = "libc++";
				CLANG_ENABLE_MODULES = YES;
				CLANG_ENABLE_OBJC_ARC = YES;
				CLANG_ENABLE_OBJC_WEAK = YES;
				CLANG_WARN_BLOCK_CAPTURE_AUTORELEASING = YES;
				CLANG_WARN_BOOL_CONVERSION = YES;
				CLANG_WARN_COMMA = YES;
				CLANG_WARN_CONSTANT_CONVERSION = YES;
				CLANG_WARN_DEPRECATED_OBJC_IMPLEMENTATIONS = YES;
				CLANG_WARN_DIRECT_OBJC_ISA_USAGE = YES_ERROR;
				CLANG_WARN_DOCUMENTATION_COMMENTS = YES;
				CLANG_WARN_EMPTY_BODY = YES;
				CLANG_WARN_ENUM_CONVERSION = YES;
				CLANG_WARN_INFINITE_RECURSION = YES;
				CLANG_WARN_INT_CONVERSION = YES;
				CLANG_WARN_NON_LITERAL_NULL_CONVERSION = YES;
				CLANG_WARN_OBJC_IMPLICIT_RETAIN_SELF = YES;
				CLANG_WARN_OBJC_LITERAL_CONVERSION = YES;
				CLANG_WARN_OBJC_ROOT_CLASS = YES_ERROR;
				CLANG_WARN_QUOTED_INCLUDE_IN_FRAMEWORK_HEADER = YES;
				CLANG_WARN_RANGE_LOOP_ANALYSIS = YES;
				CLANG_WARN_STRICT_PROTOTYPES = YES;
				CLANG_WARN_SUSPICIOUS_MOVE = YES;
				CLANG_WARN_UNGUARDED_AVAILABILITY = YES_AGGRESSIVE;
				CLANG_WARN_UNREACHABLE_CODE = YES;
				CLANG_WARN__DUPLICATE_METHOD_MATCH = YES;
				COPY_PHASE_STRIP = NO;
				DEBUG_INFORMATION_FORMAT = "dwarf-with-dsym";
				ENABLE_NS_ASSERTIONS = NO;
				ENABLE_STRICT_OBJC_MSGSEND = YES;
				GCC_C_LANGUAGE_STANDARD = gnu11;
				GCC_NO_COMMON_BLOCKS = YES;
				GCC_WARN_64_TO_32_BIT_CONVERSION = YES;
				GCC_WARN_ABOUT_RETURN_TYPE = YES_ERROR;
				GCC_WARN_UNDECLARED_SELECTOR = YES;
				GCC_WARN_UNINITIALIZED_AUTOS = YES_AGGRESSIVE;
				GCC_WARN_UNUSED_FUNCTION = YES;
				GCC_WARN_UNUSED_VARIABLE = YES;
				IPHONEOS_DEPLOYMENT_TARGET = 14.5;
				MTL_ENABLE_DEBUG_INFO = NO;
				MTL_FAST_MATH = YES;
				SDKROOT = iphoneos;
				SWIFT_COMPILATION_MODE = wholemodule;
				SWIFT_OPTIMIZATION_LEVEL = "-O";
				VALIDATE_PRODUCT = YES;
			};
			name = Release;
		};
		71155353266279D000A73CD6 /* Debug */ = {
			isa = XCBuildConfiguration;
			buildSettings = {
				ALWAYS_EMBED_SWIFT_STANDARD_LIBRARIES = YES;
				ASSETCATALOG_COMPILER_APPICON_NAME = AppIcon;
				ASSETCATALOG_COMPILER_GLOBAL_ACCENT_COLOR_NAME = AccentColor;
				CODE_SIGN_ENTITLEMENTS = iOS/Zeitgeist.entitlements;
				CODE_SIGN_STYLE = Automatic;
				CURRENT_PROJECT_VERSION = 10;
				DEVELOPMENT_ASSET_PATHS = "\"iOS/Preview Content\"";
				DEVELOPMENT_TEAM = YC249PY26F;
				ENABLE_PREVIEWS = YES;
				INFOPLIST_FILE = iOS/Info.plist;
				IPHONEOS_DEPLOYMENT_TARGET = 14.5;
				LD_RUNPATH_SEARCH_PATHS = (
					"$(inherited)",
					"@executable_path/Frameworks",
				);
				MARKETING_VERSION = 2.0;
				PRODUCT_BUNDLE_IDENTIFIER = me.daneden.Zeitgeist;
				PRODUCT_NAME = "$(TARGET_NAME)";
				SUPPORTS_MACCATALYST = NO;
				SWIFT_VERSION = 5.0;
				TARGETED_DEVICE_FAMILY = "1,2";
			};
			name = Debug;
		};
		71155354266279D000A73CD6 /* Release */ = {
			isa = XCBuildConfiguration;
			buildSettings = {
				ALWAYS_EMBED_SWIFT_STANDARD_LIBRARIES = YES;
				ASSETCATALOG_COMPILER_APPICON_NAME = AppIcon;
				ASSETCATALOG_COMPILER_GLOBAL_ACCENT_COLOR_NAME = AccentColor;
				CODE_SIGN_ENTITLEMENTS = iOS/Zeitgeist.entitlements;
				CODE_SIGN_STYLE = Automatic;
				CURRENT_PROJECT_VERSION = 10;
				DEVELOPMENT_ASSET_PATHS = "\"iOS/Preview Content\"";
				DEVELOPMENT_TEAM = YC249PY26F;
				ENABLE_PREVIEWS = YES;
				INFOPLIST_FILE = iOS/Info.plist;
				IPHONEOS_DEPLOYMENT_TARGET = 14.5;
				LD_RUNPATH_SEARCH_PATHS = (
					"$(inherited)",
					"@executable_path/Frameworks",
				);
				MARKETING_VERSION = 2.0;
				PRODUCT_BUNDLE_IDENTIFIER = me.daneden.Zeitgeist;
				PRODUCT_NAME = "$(TARGET_NAME)";
				SUPPORTS_MACCATALYST = NO;
				SWIFT_VERSION = 5.0;
				TARGETED_DEVICE_FAMILY = "1,2";
			};
			name = Release;
		};
		711553AF266548BD00A73CD6 /* Debug */ = {
			isa = XCBuildConfiguration;
			buildSettings = {
				ASSETCATALOG_COMPILER_APPICON_NAME = AppIcon;
				ASSETCATALOG_COMPILER_GLOBAL_ACCENT_COLOR_NAME = AccentColor;
				CODE_SIGN_ENTITLEMENTS = Zeitgeist/Zeitgeist.entitlements;
				CODE_SIGN_STYLE = Automatic;
				COMBINE_HIDPI_IMAGES = YES;
				DEVELOPMENT_ASSET_PATHS = "\"Zeitgeist/Preview Content\"";
				DEVELOPMENT_TEAM = YC249PY26F;
				ENABLE_HARDENED_RUNTIME = YES;
				ENABLE_PREVIEWS = YES;
				INFOPLIST_FILE = Zeitgeist/Info.plist;
				LD_RUNPATH_SEARCH_PATHS = (
					"$(inherited)",
					"@executable_path/../Frameworks",
				);
				MACOSX_DEPLOYMENT_TARGET = 11.3;
				MARKETING_VERSION = 2.0;
				PRODUCT_BUNDLE_IDENTIFIER = me.daneden.Zeitgeist;
				PRODUCT_NAME = "$(TARGET_NAME)";
				SDKROOT = macosx;
				SWIFT_VERSION = 5.0;
			};
			name = Debug;
		};
		711553B0266548BD00A73CD6 /* Release */ = {
			isa = XCBuildConfiguration;
			buildSettings = {
				ASSETCATALOG_COMPILER_APPICON_NAME = AppIcon;
				ASSETCATALOG_COMPILER_GLOBAL_ACCENT_COLOR_NAME = AccentColor;
				CODE_SIGN_ENTITLEMENTS = Zeitgeist/Zeitgeist.entitlements;
				CODE_SIGN_STYLE = Automatic;
				COMBINE_HIDPI_IMAGES = YES;
				DEVELOPMENT_ASSET_PATHS = "\"Zeitgeist/Preview Content\"";
				DEVELOPMENT_TEAM = YC249PY26F;
				ENABLE_HARDENED_RUNTIME = YES;
				ENABLE_PREVIEWS = YES;
				INFOPLIST_FILE = Zeitgeist/Info.plist;
				LD_RUNPATH_SEARCH_PATHS = (
					"$(inherited)",
					"@executable_path/../Frameworks",
				);
				MACOSX_DEPLOYMENT_TARGET = 11.3;
				MARKETING_VERSION = 2.0;
				PRODUCT_BUNDLE_IDENTIFIER = me.daneden.Zeitgeist;
				PRODUCT_NAME = "$(TARGET_NAME)";
				SDKROOT = macosx;
				SWIFT_VERSION = 5.0;
			};
			name = Release;
		};
		711553E9266552AF00A73CD6 /* Debug */ = {
			isa = XCBuildConfiguration;
			buildSettings = {
				ASSETCATALOG_COMPILER_GLOBAL_ACCENT_COLOR_NAME = AccentColor;
				ASSETCATALOG_COMPILER_WIDGET_BACKGROUND_COLOR_NAME = WidgetBackground;
				CODE_SIGN_ENTITLEMENTS = ZeitgeistWidgets/ZeitgeistWidgetsExtension.entitlements;
				CODE_SIGN_STYLE = Automatic;
				CURRENT_PROJECT_VERSION = 10;
				DEVELOPMENT_TEAM = YC249PY26F;
				INFOPLIST_FILE = ZeitgeistWidgets/Info.plist;
				IPHONEOS_DEPLOYMENT_TARGET = 14.5;
				LD_RUNPATH_SEARCH_PATHS = (
					"$(inherited)",
					"@executable_path/Frameworks",
					"@executable_path/../../Frameworks",
				);
				MARKETING_VERSION = 2.0;
				PRODUCT_BUNDLE_IDENTIFIER = me.daneden.Zeitgeist.ZeitgeistWidgets;
				PRODUCT_NAME = "$(TARGET_NAME)";
				SKIP_INSTALL = YES;
				SWIFT_VERSION = 5.0;
				TARGETED_DEVICE_FAMILY = "1,2";
			};
			name = Debug;
		};
		711553EA266552AF00A73CD6 /* Release */ = {
			isa = XCBuildConfiguration;
			buildSettings = {
				ASSETCATALOG_COMPILER_GLOBAL_ACCENT_COLOR_NAME = AccentColor;
				ASSETCATALOG_COMPILER_WIDGET_BACKGROUND_COLOR_NAME = WidgetBackground;
				CODE_SIGN_ENTITLEMENTS = ZeitgeistWidgets/ZeitgeistWidgetsExtension.entitlements;
				CODE_SIGN_STYLE = Automatic;
				CURRENT_PROJECT_VERSION = 10;
				DEVELOPMENT_TEAM = YC249PY26F;
				INFOPLIST_FILE = ZeitgeistWidgets/Info.plist;
				IPHONEOS_DEPLOYMENT_TARGET = 14.5;
				LD_RUNPATH_SEARCH_PATHS = (
					"$(inherited)",
					"@executable_path/Frameworks",
					"@executable_path/../../Frameworks",
				);
				MARKETING_VERSION = 2.0;
				PRODUCT_BUNDLE_IDENTIFIER = me.daneden.Zeitgeist.ZeitgeistWidgets;
				PRODUCT_NAME = "$(TARGET_NAME)";
				SKIP_INSTALL = YES;
				SWIFT_VERSION = 5.0;
				TARGETED_DEVICE_FAMILY = "1,2";
			};
			name = Release;
		};
		71611C092665667100119324 /* Debug */ = {
			isa = XCBuildConfiguration;
			buildSettings = {
				CODE_SIGN_ENTITLEMENTS = SelectWidgetAccountIntent/SelectWidgetAccountIntent.entitlements;
				CODE_SIGN_STYLE = Automatic;
				CURRENT_PROJECT_VERSION = 10;
				DEVELOPMENT_TEAM = YC249PY26F;
				INFOPLIST_FILE = SelectWidgetAccountIntent/Info.plist;
				LD_RUNPATH_SEARCH_PATHS = (
					"$(inherited)",
					"@executable_path/Frameworks",
					"@executable_path/../../Frameworks",
				);
				MARKETING_VERSION = 2.0;
				PRODUCT_BUNDLE_IDENTIFIER = me.daneden.Zeitgeist.SelectWidgetAccountIntent;
				PRODUCT_NAME = "$(TARGET_NAME)";
				SKIP_INSTALL = YES;
				SWIFT_VERSION = 5.0;
				TARGETED_DEVICE_FAMILY = "1,2";
			};
			name = Debug;
		};
		71611C0A2665667100119324 /* Release */ = {
			isa = XCBuildConfiguration;
			buildSettings = {
				CODE_SIGN_ENTITLEMENTS = SelectWidgetAccountIntent/SelectWidgetAccountIntent.entitlements;
				CODE_SIGN_STYLE = Automatic;
				CURRENT_PROJECT_VERSION = 10;
				DEVELOPMENT_TEAM = YC249PY26F;
				INFOPLIST_FILE = SelectWidgetAccountIntent/Info.plist;
				LD_RUNPATH_SEARCH_PATHS = (
					"$(inherited)",
					"@executable_path/Frameworks",
					"@executable_path/../../Frameworks",
				);
				MARKETING_VERSION = 2.0;
				PRODUCT_BUNDLE_IDENTIFIER = me.daneden.Zeitgeist.SelectWidgetAccountIntent;
				PRODUCT_NAME = "$(TARGET_NAME)";
				SKIP_INSTALL = YES;
				SWIFT_VERSION = 5.0;
				TARGETED_DEVICE_FAMILY = "1,2";
			};
			name = Release;
		};
/* End XCBuildConfiguration section */

/* Begin XCConfigurationList section */
		7115533E266279CF00A73CD6 /* Build configuration list for PBXProject "Zeitgeist" */ = {
			isa = XCConfigurationList;
			buildConfigurations = (
				71155350266279D000A73CD6 /* Debug */,
				71155351266279D000A73CD6 /* Release */,
			);
			defaultConfigurationIsVisible = 0;
			defaultConfigurationName = Release;
		};
		71155352266279D000A73CD6 /* Build configuration list for PBXNativeTarget "Zeitgeist" */ = {
			isa = XCConfigurationList;
			buildConfigurations = (
				71155353266279D000A73CD6 /* Debug */,
				71155354266279D000A73CD6 /* Release */,
			);
			defaultConfigurationIsVisible = 0;
			defaultConfigurationName = Release;
		};
		711553AE266548BD00A73CD6 /* Build configuration list for PBXNativeTarget "Zeitgeist (macOS)" */ = {
			isa = XCConfigurationList;
			buildConfigurations = (
				711553AF266548BD00A73CD6 /* Debug */,
				711553B0266548BD00A73CD6 /* Release */,
			);
			defaultConfigurationIsVisible = 0;
			defaultConfigurationName = Release;
		};
		711553E8266552AF00A73CD6 /* Build configuration list for PBXNativeTarget "ZeitgeistWidgetsExtension" */ = {
			isa = XCConfigurationList;
			buildConfigurations = (
				711553E9266552AF00A73CD6 /* Debug */,
				711553EA266552AF00A73CD6 /* Release */,
			);
			defaultConfigurationIsVisible = 0;
			defaultConfigurationName = Release;
		};
		71611C082665667100119324 /* Build configuration list for PBXNativeTarget "SelectWidgetAccountIntent" */ = {
			isa = XCConfigurationList;
			buildConfigurations = (
				71611C092665667100119324 /* Debug */,
				71611C0A2665667100119324 /* Release */,
			);
			defaultConfigurationIsVisible = 0;
			defaultConfigurationName = Release;
		};
/* End XCConfigurationList section */
	};
	rootObject = 7115533B266279CF00A73CD6 /* Project object */;
}
